{"SurveyEntry":{"SurveyID":"SV_8iFBZUaCNJjqRL0","SurveyName":"Anchoring_JBEE","SurveyDescription":null,"SurveyOwnerID":"UR_2i1SxBg9HB4qwey","SurveyBrandID":"uva","DivisionID":"DV_88IhMUzQMqdpMXz","SurveyLanguage":"EN","SurveyActiveResponseSet":"RS_1MP1IwxKz8TRrds","SurveyStatus":"Inactive","SurveyStartDate":"0000-00-00 00:00:00","SurveyExpirationDate":"0000-00-00 00:00:00","SurveyCreationDate":"2023-01-02 16:12:52","CreatorID":"UR_2i1SxBg9HB4qwey","LastModified":"2023-04-03 04:51:36","LastAccessed":"0000-00-00 00:00:00","LastActivated":"2023-01-06 06:34:54","Deleted":null},"SurveyElements":[{"SurveyID":"SV_8iFBZUaCNJjqRL0","Element":"BL","PrimaryAttribute":"Survey Blocks","SecondaryAttribute":null,"TertiaryAttribute":null,"Payload":{"1":{"Type":"Trash","Description":"Trash \/ Unused Questions","ID":"BL_e3d6LhOMFdLlYdo","BlockElements":[{"Type":"Question","QuestionID":"QID70"},{"Type":"Question","QuestionID":"QID21"}],"Options":{"BlockLocking":"false","RandomizeQuestions":"false","BlockVisibility":"Expanded"}},"8":{"Type":"Standard","SubType":"","Description":"Demographics","ID":"BL_8wQ81afa6HzbpUG","BlockElements":[{"Type":"Question","QuestionID":"QID71"},{"Type":"Question","QuestionID":"QID72"},{"Type":"Question","QuestionID":"QID12"},{"Type":"Question","QuestionID":"QID13"},{"Type":"Question","QuestionID":"QID15"}],"Options":{"BlockLocking":"false","RandomizeQuestions":"false","BlockVisibility":"Expanded"}},"10":{"Type":"Standard","SubType":"","Description":"PaymentSell","ID":"BL_38bkEmTBaCPu8uO","BlockElements":[{"Type":"Question","QuestionID":"QID22"}],"Options":{"BlockLocking":"false","RandomizeQuestions":"false","BlockVisibility":"Collapsed"}},"11":{"Type":"Standard","SubType":"","Description":"Introduction_Prolific_ID","ID":"BL_9MLYk1mGn3yjZhs","BlockElements":[{"Type":"Question","QuestionID":"QID5"}],"Options":{"BlockLocking":"false","RandomizeQuestions":"false","BlockVisibility":"Collapsed"}},"12":{"Type":"Standard","SubType":"","Description":"TreatmentNo","ID":"BL_ewZM2z0wno0ppk2","BlockElements":[{"Type":"Question","QuestionID":"QID57"},{"Type":"Question","QuestionID":"QID28"}],"Options":{"BlockLocking":"false","RandomizeQuestions":"false","BlockVisibility":"Collapsed"}},"13":{"Type":"Standard","SubType":"","Description":"Lottery","ID":"BL_77Bye1Tb90otJps","BlockElements":[{"Type":"Question","QuestionID":"QID30"}],"Options":{"BlockLocking":"false","RandomizeQuestions":"false","BlockVisibility":"Collapsed"}},"14":{"Type":"Standard","SubType":"","Description":"TreatmentRandom","ID":"BL_eWhJwwg7xHxOHf8","BlockElements":[{"Type":"Question","QuestionID":"QID51"},{"Type":"Question","QuestionID":"QID63"}],"Options":{"BlockLocking":false,"RandomizeQuestions":"false","BlockVisibility":"Collapsed"}},"15":{"Type":"Standard","SubType":"","Description":"TreatmentRange","ID":"BL_bvAGraF7iLGlQlU","BlockElements":[{"Type":"Question","QuestionID":"QID32"},{"Type":"Question","QuestionID":"QID64"}],"Options":{"BlockLocking":false,"RandomizeQuestions":"false","BlockVisibility":"Collapsed"}},"16":{"Type":"Standard","SubType":"","Description":"TreatmentFull","ID":"BL_5b59FW8Z0VJjGce","BlockElements":[{"Type":"Question","QuestionID":"QID33"},{"Type":"Question","QuestionID":"QID62"}],"Options":{"BlockLocking":false,"RandomizeQuestions":"false","BlockVisibility":"Collapsed"}},"17":{"Type":"Standard","SubType":"","Description":"Valuation","ID":"BL_a05bQ7w7LdVho0K","BlockElements":[{"Type":"Question","QuestionID":"QID55"}],"Options":{"BlockLocking":"false","RandomizeQuestions":"false","BlockVisibility":"Collapsed","PreviousButton":"","previousButtonMID":"","NextButton":"","nextButtonMID":"","previousButtonLibraryID":"","nextButtonLibraryID":""}},"18":{"Type":"Standard","SubType":"","Description":"PaymentKeep","ID":"BL_3WSfcYjsUfP864m","BlockElements":[{"Type":"Question","QuestionID":"QID68"}],"Options":{"BlockLocking":false,"RandomizeQuestions":"false","BlockVisibility":"Collapsed"}},"19":{"Type":"Standard","SubType":"","Description":"Consent","ID":"BL_8jsfZquJ31cCTMa","BlockElements":[{"Type":"Question","QuestionID":"QID6"},{"Type":"Question","QuestionID":"QID7"}],"Options":{"BlockLocking":"false","RandomizeQuestions":"false","BlockVisibility":"Collapsed"}},"20":{"Type":"Standard","SubType":"","Description":"Prolific_ID","ID":"BL_dmp2IwEhiZ0LSiq","BlockElements":[{"Type":"Question","QuestionID":"QID24"}],"Options":{"BlockLocking":"false","RandomizeQuestions":"false","BlockVisibility":"Collapsed"}}}},{"SurveyID":"SV_8iFBZUaCNJjqRL0","Element":"FL","PrimaryAttribute":"Survey Flow","SecondaryAttribute":null,"TertiaryAttribute":null,"Payload":{"Type":"Root","FlowID":"FL_1","Flow":[{"Type":"EmbeddedData","FlowID":"FL_28","EmbeddedData":[{"Description":"anchor","Type":"Custom","Field":"anchor","VariableType":"String","DataVisibility":[],"AnalyzeText":false,"Value":"${rand:\/\/float\/0:3}"},{"Description":"treatment","Type":"Custom","Field":"treatment","VariableType":"String","DataVisibility":[],"AnalyzeText":false,"Value":"${rand:\/\/int\/1:4}"},{"Description":"price","Type":"Custom","Field":"price","VariableType":"String","DataVisibility":[],"AnalyzeText":false,"Value":"${rand:\/\/float\/0:3}"},{"Description":"lottery_draw","Type":"Custom","Field":"lottery_draw","VariableType":"String","DataVisibility":[],"AnalyzeText":false,"Value":"${rand:\/\/int\/1:100}"},{"Description":"lottery_outcome","Type":"Custom","Field":"lottery_outcome","VariableType":"String","DataVisibility":[],"AnalyzeText":false,"Value":"0.0"},{"Description":"payment_bonus","Type":"Custom","Field":"payment_bonus","VariableType":"String","DataVisibility":[],"AnalyzeText":false,"Value":"0.0"},{"Description":"payment_total","Type":"Custom","Field":"payment_total","VariableType":"String","DataVisibility":[],"AnalyzeText":false,"Value":"0.0"},{"Description":"participation_fee","Type":"Custom","Field":"participation_fee","VariableType":"String","DataVisibility":[],"AnalyzeText":false,"Value":"1.00"},{"Description":"wta","Type":"Custom","Field":"wta","VariableType":"String","DataVisibility":[],"AnalyzeText":false,"Value":"0.0"},{"Description":"PROLIFIC_PID","Type":"Recipient","Field":"PROLIFIC_PID","VariableType":"String","DataVisibility":[],"AnalyzeText":false},{"Description":"sell","Type":"Custom","Field":"sell","VariableType":"String","DataVisibility":[],"AnalyzeText":false,"Value":"0"}]},{"Type":"Standard","ID":"BL_9MLYk1mGn3yjZhs","FlowID":"FL_18","Autofill":[]},{"Type":"Standard","ID":"BL_8jsfZquJ31cCTMa","FlowID":"FL_52","Autofill":[]},{"Type":"Branch","FlowID":"FL_54","Description":"New Branch","BranchLogic":{"0":{"0":{"LogicType":"Question","QuestionID":"QID7","QuestionIsInLoop":"no","ChoiceLocator":"q:\/\/QID7\/SelectableChoice\/2","Operator":"Selected","QuestionIDFromLocator":"QID7","LeftOperand":"q:\/\/QID7\/SelectableChoice\/2","Type":"Expression","Description":"<span class=\"ConjDesc\">If<\/span> <span class=\"QuestionDesc\">Are you happy to continue?<\/span> <span class=\"LeftOpDesc\">Stop without completing<\/span> <span class=\"OpDesc\">Is Selected<\/span> "},"Type":"If"},"Type":"BooleanExpression"},"Flow":[{"Type":"EndSurvey","FlowID":"FL_55","EndingType":"Advanced","Options":{"Advanced":"true","SurveyTermination":"DisplayMessage","EOSMessageLibrary":"UR_2i1SxBg9HB4qwey","EOSMessage":"MS_eDIYYJ1NKxXF0Ng"}}]},{"Type":"Standard","ID":"BL_dmp2IwEhiZ0LSiq","FlowID":"FL_53","Autofill":[]},{"Type":"Standard","ID":"BL_77Bye1Tb90otJps","FlowID":"FL_29","Autofill":[]},{"Type":"Branch","FlowID":"FL_25","Description":"New Branch","BranchLogic":{"0":{"0":{"LogicType":"EmbeddedField","LeftOperand":"treatment","Operator":"EqualTo","RightOperand":"1","_HiddenExpression":false,"Type":"Expression","Description":"<span class=\"ConjDesc\">If<\/span>  <span class=\"LeftOpDesc\">treatment<\/span> <span class=\"OpDesc\">Is Equal to<\/span> <span class=\"RightOpDesc\"> 1 <\/span>"},"Type":"If"},"Type":"BooleanExpression"},"Flow":[{"Type":"Block","ID":"BL_ewZM2z0wno0ppk2","FlowID":"FL_26","Autofill":[]}]},{"Type":"Branch","FlowID":"FL_37","Description":"New Branch","BranchLogic":{"0":{"0":{"LogicType":"EmbeddedField","LeftOperand":"treatment","Operator":"EqualTo","RightOperand":"2","_HiddenExpression":false,"Type":"Expression","Description":"<span class=\"ConjDesc\">If<\/span>  <span class=\"LeftOpDesc\">treatment<\/span> <span class=\"OpDesc\">Is Equal to<\/span> <span class=\"RightOpDesc\"> 2 <\/span>"},"Type":"If"},"Type":"BooleanExpression"},"Flow":[{"Type":"Standard","ID":"BL_eWhJwwg7xHxOHf8","FlowID":"FL_33","Autofill":[]}]},{"Type":"Branch","FlowID":"FL_40","Description":"New Branch","BranchLogic":{"0":{"0":{"LogicType":"EmbeddedField","LeftOperand":"treatment","Operator":"EqualTo","RightOperand":"3","_HiddenExpression":false,"Type":"Expression","Description":"<span class=\"ConjDesc\">If<\/span>  <span class=\"LeftOpDesc\">treatment<\/span> <span class=\"OpDesc\">Is Equal to<\/span> <span class=\"RightOpDesc\"> 3 <\/span>"},"Type":"If"},"Type":"BooleanExpression"},"Flow":[{"Type":"Standard","ID":"BL_bvAGraF7iLGlQlU","FlowID":"FL_34","Autofill":[]}]},{"Type":"Branch","FlowID":"FL_38","Description":"New Branch","BranchLogic":{"0":{"0":{"LogicType":"EmbeddedField","LeftOperand":"treatment","Operator":"EqualTo","RightOperand":"4","_HiddenExpression":false,"Type":"Expression","Description":"<span class=\"ConjDesc\">If<\/span>  <span class=\"LeftOpDesc\">treatment<\/span> <span class=\"OpDesc\">Is Equal to<\/span> <span class=\"RightOpDesc\"> 4 <\/span>"},"Type":"If"},"Type":"BooleanExpression"},"Flow":[{"Type":"Standard","ID":"BL_5b59FW8Z0VJjGce","FlowID":"FL_35","Autofill":[]}]},{"Type":"Standard","ID":"BL_a05bQ7w7LdVho0K","FlowID":"FL_42","Autofill":[]},{"Type":"Standard","ID":"BL_8wQ81afa6HzbpUG","FlowID":"FL_15","Autofill":[]},{"Type":"Branch","FlowID":"FL_49","Description":"New Branch","BranchLogic":{"0":{"0":{"LogicType":"EmbeddedField","LeftOperand":"sell","Operator":"EqualTo","RightOperand":"1","_HiddenExpression":false,"Type":"Expression","Description":"<span class=\"ConjDesc\">If<\/span>  <span class=\"LeftOpDesc\">sell<\/span> <span class=\"OpDesc\">Is Equal to<\/span> <span class=\"RightOpDesc\"> 1 <\/span>"},"Type":"If"},"Type":"BooleanExpression"},"Flow":[{"Type":"Standard","ID":"BL_38bkEmTBaCPu8uO","FlowID":"FL_17","Autofill":[]},{"Type":"EndSurvey","FlowID":"FL_44","EndingType":"Advanced","Options":{"Advanced":"true","SurveyTermination":"Redirect","EOSRedirectURL":"https:\/\/app.prolific.co\/submissions\/complete?cc=C4NNEPHP"}}]},{"Type":"Branch","FlowID":"FL_51","Description":"New Branch","BranchLogic":{"0":{"0":{"LogicType":"EmbeddedField","LeftOperand":"sell","Operator":"EqualTo","RightOperand":"0","_HiddenExpression":false,"Type":"Expression","Description":"<span class=\"ConjDesc\">If<\/span>  <span class=\"LeftOpDesc\">sell<\/span> <span class=\"OpDesc\">Is Equal to<\/span> <span class=\"RightOpDesc\"> 0 <\/span>"},"Type":"If"},"Type":"BooleanExpression"},"Flow":[{"Type":"Standard","ID":"BL_3WSfcYjsUfP864m","FlowID":"FL_48","Autofill":[]},{"Type":"EndSurvey","FlowID":"FL_50","EndingType":"Advanced","Options":{"Advanced":"true","SurveyTermination":"Redirect","EOSRedirectURL":"https:\/\/app.prolific.co\/submissions\/complete?cc=C4NNEPHP"}}]}],"Properties":{"Count":55,"RemovedFieldsets":[]}}},{"SurveyID":"SV_8iFBZUaCNJjqRL0","Element":"PL","PrimaryAttribute":"Preview Link","SecondaryAttribute":null,"TertiaryAttribute":null,"Payload":{"PreviewType":"Brand","PreviewID":"f4fd0556-7361-4a66-a2e4-d2df1fbe8b09"}},{"SurveyID":"SV_8iFBZUaCNJjqRL0","Element":"RS","PrimaryAttribute":"RS_1MP1IwxKz8TRrds","SecondaryAttribute":null,"TertiaryAttribute":null,"Payload":null},{"SurveyID":"SV_8iFBZUaCNJjqRL0","Element":"SO","PrimaryAttribute":"Survey Options","SecondaryAttribute":null,"TertiaryAttribute":null,"Payload":{"BackButton":"false","SaveAndContinue":"true","SurveyProtection":"PublicSurvey","BallotBoxStuffingPrevention":"false","NoIndex":"Yes","SecureResponseFiles":"true","SurveyExpiration":null,"SurveyTermination":"DefaultMessage","Header":"","Footer":"","ProgressBarDisplay":"None","PartialData":"No","ValidationMessage":null,"PreviousButton":"  <<  ","NextButton":"  >>  ","SurveyTitle":"Qualtrics Survey | Qualtrics Experience Management","SkinLibrary":"uva","SkinType":"templated","Skin":{"brandingId":"3067498872","templateId":"*base","overrides":null},"NewScoring":1,"libraryId":"","nextButtonMid":"","previousButtonMid":"","headerMid":"","footerMid":"","QuestionsPerPage":"","PageTransition":"Fade","Autofocus":"false","Autoadvance":"false","AutoadvancePages":"false","ExternalCSS":null,"CustomStyles":{"errorStyles":{"selector":".Skin .ValidationError","styles":{"color":null,"backgroundColor":null,"borderColor":null}},"errorStylesBG":{"selector":".Skin .HeaderValidationError, .Skin .HeaderValidationError li a","styles":{"color":null,"backgroundColor":null}},"pageStyles":{"selector":"#SurveyEngineBody","styles":{"backgroundColor":null}},"textStyles":{"selector":".SkinInner","styles":{"fontFamily":null,"fontSize":null,"fontWeight":null,"fontStyle":null,"textDecoration":null,"color":null}},"questionStyles":{"selector":".Skin .QuestionText","styles":{"fontFamily":null,"fontSize":null,"fontWeight":null,"fontStyle":null,"textDecoration":null,"color":null}},"choiceStyles":{"selector":".Skin .horizontalbar th.ylabel, .Skin .Matrix table td, .Skin .Matrix table th, .Skin .Matrix table thead th, .Skin .Matrix table thead td, .Skin .PGR .DragAndDrop .Items label, .Skin .QuestionBody ul.ChoiceStructure, .Skin .PGR .DragAndDrop .Group ul, .Skin .PGR .DragAndDrop .Group h2, .Skin .PGR .DragAndDrop .Items ul, .Skin .PGR .DragAndDrop .Items h2, .Skin .DD .QuestionBody table.ChoiceStructure, .Skin .PGR .DragAndDrop .NoColumns td.groupsContainerTd div ul, .Skin .PGR .DragAndDrop .NoColumns td.groupsContainerTd div h2, .Skin .SBS thead th, .Skin .SBS td, .Skin .SBS .Answers td, .Skin .SBS .Answers th, .SBS table.ChoiceStructure, .Skin .horizontalbar thead table.LabelDescriptions tr td, .Skin .horizontalbar thead tr td.NotApplicable, .QuestionBody th, .Skin .QuestionBody .MC .MAVR label, .Skin .QuestionBody .MC .SAVR label, .Skin .SBS thead th, .Skin .SBS td, .Skin .RO .DND ul li, .Skin .reg, .SkinInner .ChoiceStructure, .Skin thead, .Skin .GAP .ChoiceStructure thead th, .Skin .GAP .ChoiceStructure .c4, .Skin .GAP .ChoiceStructure th, .Skin .GAP .ChoiceStructure .WhyText, .SkinInner .ChoiceStructure .LightBG, .Skin .QuestionOuter.Highlight .Inner .reg, .Skin .QuestionOuter.Highlight .Inner .alt, .Skin .QuestionOuter.Highlight .Inner .ReadableAlt       ","styles":{"fontFamily":null,"fontSize":null,"fontWeight":null,"fontStyle":null,"textDecoration":null,"color":null}},"headerStyles":{"selector":".Skin div#Header","styles":{"color":null}},"footerStyles":{"selector":".Skin #Footer","styles":{"color":null}},"questionSeparatorStyles":{"selector":".Skin .Separator","styles":{"backgroundColor":null,"display":null}},"highlightStyles":{"selector":".Skin .QuestionOuter.Highlight .Inner, .Skin .QuestionOuter.Highlight .Inner .reg, .Skin .QuestionOuter.Highlight .Inner .alt, .Skin .QuestionOuter.Highlight .Inner .ReadableAlt","styles":{"backgroundColor":null}},"highlightStylesAlt":{"selector":".Skin .QuestionOuter.Highlight .Inner .ReadableAlt, .Skin .QuestionOuter.Highlight .Inner .LightBG","styles":{"backgroundColor":null}},"textEntryStyles":{"selector":".Skin select, .Skin .InputText","styles":{"color":null}},"borderStyles":{"selector":".Skin .CS .horizontalbar table.sliderGrid tr.xlabel th, .Skin .CS .horizontalbar .ylabel, .Skin .CS .horizontalbar table.sliderGrid tr td.value, .Skin .Slider .horizontalbar table.sliderGrid tr.xlabel th, .Skin .BorderColor, .Skin .DarkBorderColor, .Skin .Slider .horizontalbar table.sliderGrid tr td.value, .Skin thead, .Skin .GAP .ChoiceStructure thead th  ","styles":{"borderColor":null}},"altRowStyles":{"selector":".Skin .ReadableAlt, .Skin .LightBG","styles":{"backgroundColor":null}},"customCSS":".dice {\n  align-items: center;\n  display: grid;\n  grid-gap: 2rem;\n  grid-template-columns: repeat(auto-fit, minmax(8rem, 1fr));\n  grid-template-rows: auto;\n  justify-items: center;\n  padding: 2rem;\n  perspective: 600px;\n}\n.die-list {\n  display: grid;\n  grid-template-columns: 1fr;\n  grid-template-rows: 1fr;\n  height: 6rem;\n  list-style-type: none;\n  transform-style: preserve-3d;\n  width: 6rem;\n}\n.even-roll {\n  transition: transform 1.5s ease-out;\n}\n.odd-roll {\n  transition: transform 1.25s ease-out;\n}\n.die-item {\n  background-color: #fefefe;\n  box-shadow: inset -0.35rem 0.35rem 0.75rem rgba(0, 0, 0, 0.3),\n    inset 0.5rem -0.25rem 0.5rem rgba(0, 0, 0, 0.15);\n  display: grid;\n  grid-column: 1;\n  grid-row: 1;\n  grid-template-areas:\n    \"one two three\"\n    \"four five six\"\n    \"seven eight nine\";\n  grid-template-columns: repeat(3, 1fr);\n  grid-template-rows: repeat(3, 1fr);\n  height: 100%;\n  padding: 1rem;\n  width: 100%;\n}\n.dot {\n  align-self: center;\n  background-color: #676767;\n  border-radius: 50%;\n  box-shadow: inset -0.15rem 0.15rem 0.25rem rgba(0, 0, 0, 0.5);\n  display: block;\n  height: 2rem;\n  justify-self: center;\n  width: 2rem;\n}\n.even-roll[data-roll=\"1\"] {\n  transform: rotateX(360deg) rotateY(720deg) rotateZ(360deg);\n}\n.even-roll[data-roll=\"2\"] {\n  transform: rotateX(450deg) rotateY(720deg) rotateZ(360deg);\n}\n.even-roll[data-roll=\"3\"] {\n  transform: rotateX(360deg) rotateY(630deg) rotateZ(360deg);\n}\n.even-roll[data-roll=\"4\"] {\n  transform: rotateX(360deg) rotateY(810deg) rotateZ(360deg);\n}\n.even-roll[data-roll=\"5\"] {\n  transform: rotateX(270deg) rotateY(720deg) rotateZ(360deg);\n}\n.even-roll[data-roll=\"6\"] {\n  transform: rotateX(360deg) rotateY(900deg) rotateZ(360deg);\n}\n.odd-roll[data-roll=\"1\"] {\n  transform: rotateX(-360deg) rotateY(-720deg) rotateZ(-360deg);\n}\n.odd-roll[data-roll=\"2\"] {\n  transform: rotateX(-270deg) rotateY(-720deg) rotateZ(-360deg);\n}\n.odd-roll[data-roll=\"3\"] {\n  transform: rotateX(-360deg) rotateY(-810deg) rotateZ(-360deg);\n}\n.odd-roll[data-roll=\"4\"] {\n  transform: rotateX(-360deg) rotateY(-630deg) rotateZ(-360deg);\n}\n.odd-roll[data-roll=\"5\"] {\n  transform: rotateX(-450deg) rotateY(-720deg) rotateZ(-360deg);\n}\n.odd-roll[data-roll=\"6\"] {\n  transform: rotateX(-360deg) rotateY(-900deg) rotateZ(-360deg);\n}\n[data-side=\"1\"] {\n  transform: rotate3d(0, 0, 0, 90deg) translateZ(4rem);\n}\n[data-side=\"2\"] {\n  transform: rotate3d(-1, 0, 0, 90deg) translateZ(4rem);\n}\n[data-side=\"3\"] {\n  transform: rotate3d(0, 1, 0, 90deg) translateZ(4rem);\n}\n[data-side=\"4\"] {\n  transform: rotate3d(0, -1, 0, 90deg) translateZ(4rem);\n}\n[data-side=\"5\"] {\n  transform: rotate3d(1, 0, 0, 90deg) translateZ(4rem);\n}\n[data-side=\"6\"] {\n  transform: rotate3d(1, 0, 0, 180deg) translateZ(4rem);\n}\n[data-side=\"1\"] .dot:nth-of-type(1) {\n  grid-area: five;\n}\n[data-side=\"2\"] .dot:nth-of-type(1) {\n  grid-area: one;\n}\n[data-side=\"2\"] .dot:nth-of-type(2) {\n  grid-area: nine;\n}\n[data-side=\"3\"] .dot:nth-of-type(1) {\n  grid-area: one;\n}\n[data-side=\"3\"] .dot:nth-of-type(2) {\n  grid-area: five;\n}\n[data-side=\"3\"] .dot:nth-of-type(3) {\n  grid-area: nine;\n}\n[data-side=\"4\"] .dot:nth-of-type(1) {\n  grid-area: one;\n}\n[data-side=\"4\"] .dot:nth-of-type(2) {\n  grid-area: three;\n}\n[data-side=\"4\"] .dot:nth-of-type(3) {\n  grid-area: seven;\n}\n[data-side=\"4\"] .dot:nth-of-type(4) {\n  grid-area: nine;\n}\n[data-side=\"5\"] .dot:nth-of-type(1) {\n  grid-area: one;\n}\n[data-side=\"5\"] .dot:nth-of-type(2) {\n  grid-area: three;\n}\n[data-side=\"5\"] .dot:nth-of-type(3) {\n  grid-area: five;\n}\n[data-side=\"5\"] .dot:nth-of-type(4) {\n  grid-area: seven;\n}\n[data-side=\"5\"] .dot:nth-of-type(5) {\n  grid-area: nine;\n}\n[data-side=\"6\"] .dot:nth-of-type(1) {\n  grid-area: one;\n}\n[data-side=\"6\"] .dot:nth-of-type(2) {\n  grid-area: three;\n}\n[data-side=\"6\"] .dot:nth-of-type(3) {\n  grid-area: four;\n}\n[data-side=\"6\"] .dot:nth-of-type(4) {\n  grid-area: six;\n}\n[data-side=\"6\"] .dot:nth-of-type(5) {\n  grid-area: seven;\n}\n[data-side=\"6\"] .dot:nth-of-type(6) {\n  grid-area: nine;\n}\n\nbutton {\n  align-self: center;\n  background-color: #efefef;\n  border: none;\n  color: #333;\n  font-size: 1.25rem;\n  font-weight: 700;\n  justify-self: center;\n  padding: 0.5rem 1rem;\n}\nbutton:hover {\n  cursor: pointer;\n}\n\n@media (min-width: 900px) {\n  .dice {\n    perspective: 1300px;\n  }\n}\n\n\ntable {\n  width: 45% ;\n  margin: 10px;\n}\ntd {\n  width: 10% ;\n  height: 10% ;\n  text-align: center;\t\n}\n\n.left, .right {display:inline-block;!important;}"},"HighlightQuestions":"off","EOSMessage":null,"ShowExportTags":"false","CollectGeoLocation":"false","SurveyMetaDescription":"The most powerful, simple and trusted way to gather experience data. Start your journey to experience management and try a free account today.","PasswordProtection":"No","AnonymizeResponse":"No","RefererCheck":"No","BallotBoxStuffingPreventionBehavior":null,"BallotBoxStuffingPreventionMessage":null,"BallotBoxStuffingPreventionMessageLibrary":null,"BallotBoxStuffingPreventionURL":null,"RecaptchaV3":"false","ConfirmStart":false,"AutoConfirmStart":false,"UseCustomSurveyLinkCompletedMessage":null,"SurveyLinkCompletedMessage":null,"SurveyLinkCompletedMessageLibrary":null,"ResponseSummary":"No","EOSMessageLibrary":null,"EOSRedirectURL":"https:\/\/app.prolific.co\/submissions\/complete?cc=572FB13C","EmailThankYou":"false","ThankYouEmailMessageLibrary":null,"ThankYouEmailMessage":null,"ValidateMessage":"false","ValidationMessageLibrary":null,"InactiveSurvey":"DefaultMessage","PartialDeletion":"+1 month","PartialDataCloseAfter":"LastActivity","InactiveMessageLibrary":null,"InactiveMessage":null,"AvailableLanguages":{"EN":[]},"ProtectSelectionIds":true,"SurveyLinkExpirationMessageType":"DefaultMessage","SurveyLinkExpirationMessage":null,"SurveyLinkExpirationMessageLibrary":null,"SurveyName":"Anchoring_JBEE","RelevantID":"false","RelevantIDLockoutPeriod":"+30 days"}},{"SurveyID":"SV_8iFBZUaCNJjqRL0","Element":"SCO","PrimaryAttribute":"Scoring","SecondaryAttribute":null,"TertiaryAttribute":null,"Payload":{"ScoringCategories":[],"ScoringCategoryGroups":[],"ScoringSummaryCategory":null,"ScoringSummaryAfterQuestions":0,"ScoringSummaryAfterSurvey":0,"DefaultScoringCategory":null,"AutoScoringCategory":null}},{"SurveyID":"SV_8iFBZUaCNJjqRL0","Element":"PROJ","PrimaryAttribute":"CORE","SecondaryAttribute":null,"TertiaryAttribute":"1.1.0","Payload":{"ProjectCategory":"CORE","SchemaVersion":"1.1.0"}},{"SurveyID":"SV_8iFBZUaCNJjqRL0","Element":"STAT","PrimaryAttribute":"Survey Statistics","SecondaryAttribute":null,"TertiaryAttribute":null,"Payload":{"MobileCompatible":true,"ID":"Survey Statistics"}},{"SurveyID":"SV_8iFBZUaCNJjqRL0","Element":"QC","PrimaryAttribute":"Survey Question Count","SecondaryAttribute":"72","TertiaryAttribute":null,"Payload":null},{"SurveyID":"SV_8iFBZUaCNJjqRL0","Element":"SQ","PrimaryAttribute":"QID7","SecondaryAttribute":"Are you happy to continue?","TertiaryAttribute":null,"Payload":{"QuestionText":"Are you happy to continue?","DefaultChoices":false,"DataExportTag":"Q4","QuestionType":"MC","Selector":"SAVR","SubSelector":"TX","Configuration":{"QuestionDescriptionOption":"UseText"},"QuestionDescription":"Are you happy to continue?","Choices":{"1":{"Display":"Continue with the study"},"2":{"Display":"Stop without completing"}},"ChoiceOrder":[1,2],"Validation":{"Settings":{"ForceResponse":"ON","ForceResponseType":"ON","Type":"None"}},"GradingData":[],"Language":[],"NextChoiceId":3,"NextAnswerId":1,"QuestionID":"QID7","DataVisibility":{"Private":false,"Hidden":false},"QuestionText_Unsafe":"Are you happy to continue?","RecodeValues":{"1":"1","2":"0"}}},{"SurveyID":"SV_8iFBZUaCNJjqRL0","Element":"SQ","PrimaryAttribute":"QID72","SecondaryAttribute":"Do you think the experimenters wanted \u00a3$e{ round( e:\/\/Field\/anchor , 2 ) } to influence your choi..","TertiaryAttribute":null,"Payload":{"QuestionText":"<p align=\"justify\">\nDo you think the experimenters wanted \u00a3$e{ round( e:\/\/Field\/anchor , 2 ) } to influence your choice of the minimum price at which you are willing to sell the lottery (the slider task)?<\/p>","DefaultChoices":false,"DataExportTag":"Q23","QuestionType":"MC","Selector":"SAVR","SubSelector":"TX","DataVisibility":{"Private":false,"Hidden":false},"Configuration":{"QuestionDescriptionOption":"UseText"},"QuestionDescription":"Do you think the experimenters wanted \u00a3$e{ round( e:\/\/Field\/anchor , 2 ) } to influence your choi...","Choices":{"4":{"Display":"Yes"},"5":{"Display":"No"}},"ChoiceOrder":["4","5"],"Validation":{"Settings":{"ForceResponse":"OFF","Type":"None"}},"GradingData":[],"Language":[],"NextChoiceId":7,"NextAnswerId":4,"QuestionID":"QID72"}},{"SurveyID":"SV_8iFBZUaCNJjqRL0","Element":"SQ","PrimaryAttribute":"QID6","SecondaryAttribute":"If you do not wish to participate in this study, please return your submission on Prolific by sel...","TertiaryAttribute":null,"Payload":{"QuestionText":"<p align=\"justify\">If you do not wish to participate in this study, please return your submission on Prolific by selecting the 'Stop without completing' button.<\/p>","DefaultChoices":false,"DataExportTag":"Q3","QuestionType":"DB","Selector":"TB","Configuration":{"QuestionDescriptionOption":"UseText"},"QuestionDescription":"If you do not wish to participate in this study, please return your submission on Prolific by sel...","ChoiceOrder":[],"Validation":{"Settings":{"Type":"None"}},"GradingData":[],"Language":[],"NextChoiceId":4,"NextAnswerId":1,"QuestionID":"QID6","DataVisibility":{"Private":false,"Hidden":false},"QuestionText_Unsafe":"<p align=\"justify\">If you do not wish to participate in this study, please return your submission on Prolific by selecting the 'Stop without completing' button.<\/p>"}},{"SurveyID":"SV_8iFBZUaCNJjqRL0","Element":"SQ","PrimaryAttribute":"QID71","SecondaryAttribute":"Please fill in answer the following questions. You will see your total payment in the next page....","TertiaryAttribute":null,"Payload":{"QuestionText":"<p align=\"justify\">Please fill in answer the following questions. You will see your total payment in the next page.<\/p><br>\n<p align=\"justify\">\nEarlier in the study you were asked if you would hypothetically be willing to sell the lottery for a price of \u00a3$e{ round( e:\/\/Field\/anchor , 2 ) }. Was \u00a3$e{ round( e:\/\/Field\/anchor , 2 ) } informative when you were choosing the minimum price at which you are willing to sell the lottery (the slider task)?<\/p>","DefaultChoices":false,"DataExportTag":"Q22","QuestionID":"QID71","QuestionType":"MC","Selector":"SAVR","SubSelector":"TX","DataVisibility":{"Private":false,"Hidden":false},"Configuration":{"QuestionDescriptionOption":"UseText","TextPosition":"inline"},"QuestionDescription":"Please fill in answer the following questions. You will see your total payment in the next page....","Choices":{"4":{"Display":"Yes"},"5":{"Display":"No"}},"ChoiceOrder":["4","5"],"Validation":{"Settings":{"ForceResponse":"OFF","Type":"None"}},"GradingData":[],"Language":[],"NextChoiceId":7,"NextAnswerId":4}},{"SurveyID":"SV_8iFBZUaCNJjqRL0","Element":"SQ","PrimaryAttribute":"QID28","SecondaryAttribute":"Please indicate what you prefer.","TertiaryAttribute":null,"Payload":{"QuestionText":"Please indicate what you prefer.","DefaultChoices":false,"DataExportTag":"Q8","QuestionID":"QID28","QuestionType":"Matrix","Selector":"Likert","SubSelector":"SingleAnswer","DataVisibility":{"Private":false,"Hidden":false},"Configuration":{"QuestionDescriptionOption":"UseText","TextPosition":"inline","ChoiceColumnWidth":25,"RepeatHeaders":"all","WhiteSpace":"OFF","MobileFirst":true,"ChoiceColumnWidthPixels":281},"QuestionDescription":"Please indicate what you prefer.","Choices":{"1":{"Display":"For a price of \u00a3$e{ round( e:\/\/Field\/anchor , 2 ) }"}},"ChoiceOrder":["1"],"Validation":{"Settings":{"ForceResponse":"ON","ForceResponseType":"ON","Type":"None"}},"GradingData":[],"Language":[],"NextChoiceId":4,"NextAnswerId":4,"Answers":{"1":{"Display":"Play the lottery"},"2":{"Display":"Sell the lottery"}},"AnswerOrder":["1","2"],"ChoiceDataExportTags":false,"QuestionText_Unsafe":"Please indicate what you prefer.","RecodeValues":{"1":"0","2":"1"}}},{"SurveyID":"SV_8iFBZUaCNJjqRL0","Element":"SQ","PrimaryAttribute":"QID62","SecondaryAttribute":"Please indicate what you prefer.","TertiaryAttribute":null,"Payload":{"QuestionText":"Please indicate what you prefer.","DefaultChoices":false,"DataExportTag":"Q14","QuestionType":"Matrix","Selector":"Likert","SubSelector":"SingleAnswer","DataVisibility":{"Private":false,"Hidden":false},"Configuration":{"QuestionDescriptionOption":"UseText","TextPosition":"inline","ChoiceColumnWidth":25,"ChoiceColumnWidthPixels":281,"RepeatHeaders":"all","WhiteSpace":"OFF","MobileFirst":true},"QuestionDescription":"Please indicate what you prefer.","Choices":{"1":{"Display":"For a price of \u00a3$e{ round( e:\/\/Field\/anchor , 2 ) }"}},"ChoiceOrder":["1"],"Validation":{"Settings":{"ForceResponse":"ON","ForceResponseType":"ON","Type":"None"}},"GradingData":[],"Language":[],"NextChoiceId":4,"NextAnswerId":4,"Answers":{"1":{"Display":"Play the lottery"},"2":{"Display":"Sell the lottery"}},"AnswerOrder":["1","2"],"ChoiceDataExportTags":false,"QuestionID":"QID62","QuestionText_Unsafe":"Please indicate what you prefer.","RecodeValues":{"1":"0","2":"1"}}},{"SurveyID":"SV_8iFBZUaCNJjqRL0","Element":"SQ","PrimaryAttribute":"QID63","SecondaryAttribute":"Please indicate what you prefer.","TertiaryAttribute":null,"Payload":{"QuestionText":"Please indicate what you prefer.","DefaultChoices":false,"DataExportTag":"Q10","QuestionType":"Matrix","Selector":"Likert","SubSelector":"SingleAnswer","DataVisibility":{"Private":false,"Hidden":false},"Configuration":{"QuestionDescriptionOption":"UseText","TextPosition":"inline","ChoiceColumnWidth":25,"ChoiceColumnWidthPixels":281,"RepeatHeaders":"all","WhiteSpace":"OFF","MobileFirst":true},"QuestionDescription":"Please indicate what you prefer.","Choices":{"1":{"Display":"For a price of \u00a3$e{ round( e:\/\/Field\/anchor , 2 ) }"}},"ChoiceOrder":["1"],"Validation":{"Settings":{"ForceResponse":"ON","ForceResponseType":"ON","Type":"None"}},"GradingData":[],"Language":[],"NextChoiceId":4,"NextAnswerId":4,"Answers":{"1":{"Display":"Play the lottery"},"2":{"Display":"Sell the lottery"}},"AnswerOrder":["1","2"],"ChoiceDataExportTags":false,"QuestionID":"QID63","QuestionText_Unsafe":"Please indicate what you prefer.","RecodeValues":{"1":"0","2":"1"}}},{"SurveyID":"SV_8iFBZUaCNJjqRL0","Element":"SQ","PrimaryAttribute":"QID64","SecondaryAttribute":"Please indicate what you prefer.","TertiaryAttribute":null,"Payload":{"QuestionText":"Please indicate what you prefer.","DefaultChoices":false,"DataExportTag":"Q12","QuestionType":"Matrix","Selector":"Likert","SubSelector":"SingleAnswer","DataVisibility":{"Private":false,"Hidden":false},"Configuration":{"QuestionDescriptionOption":"UseText","TextPosition":"inline","ChoiceColumnWidth":25,"ChoiceColumnWidthPixels":281,"RepeatHeaders":"all","WhiteSpace":"OFF","MobileFirst":true},"QuestionDescription":"Please indicate what you prefer.","Choices":{"1":{"Display":"For a price of \u00a3$e{ round( e:\/\/Field\/anchor , 2 ) }"}},"ChoiceOrder":["1"],"Validation":{"Settings":{"ForceResponse":"ON","ForceResponseType":"ON","Type":"None"}},"GradingData":[],"Language":[],"NextChoiceId":4,"NextAnswerId":4,"Answers":{"1":{"Display":"Play the lottery"},"2":{"Display":"Sell the lottery"}},"AnswerOrder":["1","2"],"ChoiceDataExportTags":false,"QuestionID":"QID64","QuestionText_Unsafe":"Please indicate what you prefer.","RecodeValues":{"1":"0","2":"1"}}},{"SurveyID":"SV_8iFBZUaCNJjqRL0","Element":"SQ","PrimaryAttribute":"QID12","SecondaryAttribute":"Please indicate your age.","TertiaryAttribute":null,"Payload":{"QuestionText":"Please indicate your age.","DefaultChoices":false,"DataExportTag":"Q19","QuestionType":"TE","Selector":"SL","Configuration":{"QuestionDescriptionOption":"UseText"},"QuestionDescription":"Please indicate your age.","Validation":{"Settings":{"ForceResponse":"ON","ForceResponseType":"ON","Type":"ContentType","MinChars":"1","ContentType":"ValidNumber","ValidDateType":"DateWithFormat","ValidPhoneType":"ValidUSPhone","ValidZipType":"ValidUSZip","ValidNumber":{"Min":"18","Max":"100","NumDecimals":"0"}}},"GradingData":[],"Language":[],"NextChoiceId":4,"NextAnswerId":1,"SearchSource":{"AllowFreeResponse":"false"},"QuestionID":"QID12","DataVisibility":{"Private":false,"Hidden":false},"QuestionText_Unsafe":"Please indicate your age."}},{"SurveyID":"SV_8iFBZUaCNJjqRL0","Element":"SQ","PrimaryAttribute":"QID15","SecondaryAttribute":"Please indicate your education level.","TertiaryAttribute":null,"Payload":{"QuestionText":"Please indicate your education level.","DefaultChoices":false,"DataExportTag":"Q22","QuestionType":"MC","Selector":"SAVR","SubSelector":"TX","Configuration":{"QuestionDescriptionOption":"UseText"},"QuestionDescription":"Please indicate your education level.","Choices":{"1":{"Display":"Less than high school"},"2":{"Display":"High school graduate"},"3":{"Display":"University degree"}},"ChoiceOrder":["1","2","3"],"Validation":{"Settings":{"ForceResponse":"ON","ForceResponseType":"ON","Type":"None"}},"GradingData":[],"Language":[],"NextChoiceId":8,"NextAnswerId":1,"QuestionID":"QID15","DataVisibility":{"Private":false,"Hidden":false},"QuestionText_Unsafe":"Please indicate your education level."}},{"SurveyID":"SV_8iFBZUaCNJjqRL0","Element":"SQ","PrimaryAttribute":"QID13","SecondaryAttribute":"Please indicate your gender.","TertiaryAttribute":null,"Payload":{"QuestionText":"Please indicate your gender.","DefaultChoices":false,"DataExportTag":"Q20","QuestionType":"MC","Selector":"SAVR","SubSelector":"TX","Configuration":{"QuestionDescriptionOption":"UseText"},"QuestionDescription":"Please indicate your gender.","Choices":{"1":{"Display":"Male"},"2":{"Display":"Female"},"3":{"Display":"Non-binary \/ third gender"},"4":{"Display":"Prefer not to say"}},"ChoiceOrder":["1","2","3","4"],"Validation":{"Settings":{"ForceResponse":"ON","ForceResponseType":"ON","Type":"None"}},"GradingData":[],"Language":[],"NextChoiceId":5,"NextAnswerId":1,"QuestionID":"QID13","QuestionText_Unsafe":"Please indicate your gender."}},{"SurveyID":"SV_8iFBZUaCNJjqRL0","Element":"SQ","PrimaryAttribute":"QID21","SecondaryAttribute":"Thank you for participating in this study. Please fill in answer the following questions. You wil...","TertiaryAttribute":null,"Payload":{"QuestionText":"Thank you for participating in this study. Please fill in answer the following questions. You will see your total payment in the next page.","DefaultChoices":false,"DataExportTag":"Q18","QuestionType":"DB","Selector":"TB","Configuration":{"QuestionDescriptionOption":"UseText"},"QuestionDescription":"Thank you for participating in this study. Please fill in answer the following questions. You wil...","ChoiceOrder":[],"Validation":{"Settings":{"Type":"None"}},"GradingData":[],"Language":[],"NextChoiceId":4,"NextAnswerId":1,"QuestionID":"QID21","DataVisibility":{"Private":false,"Hidden":false},"QuestionText_Unsafe":"Thank you for participating in this study. Please fill in some basic demographic information. You will see your total payment in the next page."}},{"SurveyID":"SV_8iFBZUaCNJjqRL0","Element":"SQ","PrimaryAttribute":"QID32","SecondaryAttribute":"The answer to the following question will not affect your bonus payment. Your bonus payment will...","TertiaryAttribute":null,"Payload":{"QuestionText":"<p align=\"justify\">\nThe answer to the following question will <b>not<\/b> affect your bonus payment. Your bonus payment will be determined by your decision in the next screen.<\/p>\n<br>\n<ul>\n<li>The price of the lottery is \u00a3$e{ round( e:\/\/Field\/anchor , 2 ) }.<\/li>\n<li> The price of \u00a3$e{ round( e:\/\/Field\/anchor , 2 ) } was randomly drawn before the experiment.<\/li>\n<li> The possible values ranged between \u00a30.00 and \u00a33.00.<\/li>\n<\/ul>","DefaultChoices":false,"DataExportTag":"Q11","QuestionID":"QID32","QuestionType":"DB","Selector":"TB","DataVisibility":{"Private":false,"Hidden":false},"Configuration":{"QuestionDescriptionOption":"UseText"},"QuestionDescription":"The answer to the following question will not affect your bonus payment. Your bonus payment will...","ChoiceOrder":[],"Validation":{"Settings":{"Type":"None"}},"GradingData":[],"Language":[],"NextChoiceId":4,"NextAnswerId":1,"QuestionText_Unsafe":"<p align=\"justify\">\nThe answer to the following question will not affect your bonus payment. Your bonus payment will be determined by your decision in the next screen.<\/p>\n<br>\n<p align=\"justify\">Imagine the price of the lottery is \u00a3$e{ 0.01*round( e:\/\/Field\/anchor , 2 ) }. The price of \u00a3$e{ 0.01*round( e:\/\/Field\/anchor , 2 ) } was randomly drawn before the experiment between \u00a30.00 and \u00a31.00.<\/p>"}},{"SurveyID":"SV_8iFBZUaCNJjqRL0","Element":"SQ","PrimaryAttribute":"QID33","SecondaryAttribute":"The answer to the following question will not affect your bonus payment. Your bonus payment will...","TertiaryAttribute":null,"Payload":{"QuestionText":"<p align=\"justify\">\nThe answer to the following question will <b>not<\/b> affect your bonus payment. Your bonus payment will be determined by your decision in the next screen.<\/p>\n<br>\n<ul>\n<li>The price of the lottery is \u00a3$e{ round( e:\/\/Field\/anchor , 2 ) }.<\/li>\n<li> The price of \u00a3$e{ round( e:\/\/Field\/anchor , 2 ) } was randomly drawn before the experiment.<\/li>\n<li> The possible values ranged between \u00a30.00 and \u00a33.00.<\/li>\n<li> All values had the same probability of being drawn.<\/li>\n<\/ul>","DefaultChoices":false,"DataExportTag":"Q13","QuestionID":"QID33","QuestionType":"DB","Selector":"TB","DataVisibility":{"Private":false,"Hidden":false},"Configuration":{"QuestionDescriptionOption":"UseText"},"QuestionDescription":"The answer to the following question will not affect your bonus payment. Your bonus payment will...","ChoiceOrder":[],"Validation":{"Settings":{"Type":"None"}},"GradingData":[],"Language":[],"NextChoiceId":4,"NextAnswerId":1,"QuestionText_Unsafe":"<p align=\"justify\">\nThe answer to the following question will not affect your bonus payment. Your bonus payment will be determined by your decision in the next screen.<\/p>\n<br>\n<p align=\"justify\">\nImagine the price of the lottery is \u00a3$e{ 0.01*round( e:\/\/Field\/anchor , 2 ) }. The price of \u00a3$e{ 0.01*round( e:\/\/Field\/anchor , 2 ) } was randomly determined before the experiment. Out of all the possible values on the table below, the computer shuffled the values and randomly selected one value. All values had the same chance of being selected. The price was computed by diving the selected value by 100.<\/p>\n<table width=\"100%\">\n <thead>\n  <tr>\n    <th>All possible values<\/th>\n    <th>Shuffled values<\/th>\n  <\/tr>\n <\/thead>\n  <tbody><tr>\n    <td>\n<table border=\"1px\">\n<tbody>\n  <tr>\n    <td>1<\/td>\n    <td>2<\/td>\n    <td>3<\/td>\n    <td>4<\/td>\n    <td>5<\/td>\n    <td>6<\/td>\n    <td>7<\/td>\n    <td>8<\/td>\n    <td>9<\/td>\n    <td>10<\/td>\n  <\/tr>\n  <tr>\n    <td>11<\/td>\n    <td>12<\/td>\n    <td>13<\/td>\n    <td>14<\/td>\n    <td>15<\/td>\n    <td>16<\/td>\n    <td>17<\/td>\n    <td>18<\/td>\n    <td>19<\/td>\n    <td>20<\/td>\n  <\/tr>\n  <tr>\n    <td>21<\/td>\n    <td>22<\/td>\n    <td>23<\/td>\n    <td>24<\/td>\n    <td>25<\/td>\n    <td>26<\/td>\n    <td>27<\/td>\n    <td>28<\/td>\n    <td>29<\/td>\n    <td>30<\/td>\n  <\/tr>\n  <tr>\n    <td>31<\/td>\n    <td>32<\/td>\n    <td>33<\/td>\n    <td>34<\/td>\n    <td>35<\/td>\n    <td>36<\/td>\n    <td>37<\/td>\n    <td>38<\/td>\n    <td>39<\/td>\n    <td>40<\/td>\n  <\/tr>\n  <tr>\n    <td>41<\/td>\n    <td>42<\/td>\n    <td>43<\/td>\n    <td>44<\/td>\n    <td>45<\/td>\n    <td>46<\/td>\n    <td>47<\/td>\n    <td>48<\/td>\n    <td>49<\/td>\n    <td>50<\/td>\n  <\/tr>\n  <tr>\n    <td>51<\/td>\n    <td>52<\/td>\n    <td>53<\/td>\n    <td>54<\/td>\n    <td>55<\/td>\n    <td>56<\/td>\n    <td>57<\/td>\n    <td>58<\/td>\n    <td>59<\/td>\n    <td>60<\/td>\n  <\/tr>\n  <tr>\n    <td>61<\/td>\n    <td>62<\/td>\n    <td>63<\/td>\n    <td>64<\/td>\n    <td>65<\/td>\n    <td>66<\/td>\n    <td>67<\/td>\n    <td>68<\/td>\n    <td>69<\/td>\n    <td>70<\/td>\n  <\/tr>\n  <tr>\n    <td>71<\/td>\n    <td>72<\/td>\n    <td>73<\/td>\n    <td>74<\/td>\n    <td>75<\/td>\n    <td>76<\/td>\n    <td>77<\/td>\n    <td>78<\/td>\n    <td>79<\/td>\n    <td>80<\/td>\n  <\/tr>\n  <tr>\n    <td>81<\/td>\n    <td>82<\/td>\n    <td>83<\/td>\n    <td>84<\/td>\n    <td>85<\/td>\n    <td>86<\/td>\n    <td>87<\/td>\n    <td>88<\/td>\n    <td>89<\/td>\n    <td>90<\/td>\n  <\/tr>\n  <tr>\n    <td>91<\/td>\n    <td>92<\/td>\n    <td>93<\/td>\n    <td>94<\/td>\n    <td>95<\/td>\n    <td>96<\/td>\n    <td>97<\/td>\n    <td>98<\/td>\n    <td>99<\/td>\n    <td>100<\/td>\n  <\/tr>\n<\/tbody>\n<\/table>\n<\/td>\n    <td>\n<table border=\"1px\">\n<tbody>\n  <tr>\n    <td>51<\/td>\n    <td>11<\/td>\n    <td>15<\/td>\n    <td>42<\/td>\n    <td>48<\/td>\n    <td>3<\/td>\n    <td>75<\/td>\n    <td>26<\/td>\n    <td>92<\/td>\n    <td>100<\/td>\n  <\/tr>\n  <tr>\n    <td>16<\/td>\n    <td>76<\/td>\n    <td>58<\/td>\n    <td>55<\/td>\n    <td>10<\/td>\n    <td>25<\/td>\n    <td>56<\/td>\n    <td>22<\/td>\n    <td>43<\/td>\n    <td>33<\/td>\n  <\/tr>\n  <tr>\n    <td>6<\/td>\n    <td>77<\/td>\n    <td>61<\/td>\n    <td>83<\/td>\n    <td>7<\/td>\n    <td>34<\/td>\n    <td>8<\/td>\n    <td>73<\/td>\n    <td>36<\/td>\n    <td>84<\/td>\n  <\/tr>\n  <tr>\n    <td>57<\/td>\n    <td>80<\/td>\n    <td>39<\/td>\n    <td>29<\/td>\n    <td>4<\/td>\n    <td>60<\/td>\n    <td>46<\/td>\n    <td>40<\/td>\n    <td>20<\/td>\n    <td>94<\/td>\n  <\/tr>\n  <tr>\n    <td>65<\/td>\n    <td>93<\/td>\n    <td>71<\/td>\n    <td>23<\/td>\n    <td>99<\/td>\n    <td>5<\/td>\n    <td>81<\/td>\n    <td>50<\/td>\n    <td>49<\/td>\n    <td>95<\/td>\n  <\/tr>\n  <tr>\n    <td>88<\/td>\n    <td>72<\/td>\n    <td>38<\/td>\n    <td>86<\/td>\n    <td>78<\/td>\n    <td>21<\/td>\n    <td>47<\/td>\n    <td>19<\/td>\n    <td>27<\/td>\n    <td>79<\/td>\n  <\/tr>\n  <tr>\n    <td>90<\/td>\n    <td>44<\/td>\n    <td>54<\/td>\n    <td>9<\/td>\n    <td>35<\/td>\n    <td>85<\/td>\n    <td>82<\/td>\n    <td>13<\/td>\n    <td>74<\/td>\n    <td>67<\/td>\n  <\/tr>\n  <tr>\n    <td>1<\/td>\n    <td>2<\/td>\n    <td>37<\/td>\n    <td>31<\/td>\n    <td>91<\/td>\n    <td>89<\/td>\n    <td>96<\/td>\n    <td>59<\/td>\n    <td>17<\/td>\n    <td>53<\/td>\n  <\/tr>\n  <tr>\n    <td>28<\/td>\n    <td>70<\/td>\n    <td>24<\/td>\n    <td>68<\/td>\n    <td>45<\/td>\n    <td>14<\/td>\n    <td>98<\/td>\n    <td>97<\/td>\n    <td>87<\/td>\n    <td>32<\/td>\n  <\/tr>\n  <tr>\n    <td>12<\/td>\n    <td>18<\/td>\n    <td>63<\/td>\n    <td>30<\/td>\n    <td>41<\/td>\n    <td>69<\/td>\n    <td>62<\/td>\n    <td>66<\/td>\n    <td>52<\/td>\n    <td>64<\/td>\n  <\/tr>\n<\/tbody>\n<\/table>\n<\/td>\n  <\/tr>\n<\/tbody><\/table>"}},{"SurveyID":"SV_8iFBZUaCNJjqRL0","Element":"SQ","PrimaryAttribute":"QID51","SecondaryAttribute":"The answer to the following question will not affect your bonus payment. Your bonus payment will...","TertiaryAttribute":null,"Payload":{"QuestionText":"<p align=\"justify\">\nThe answer to the following question will <b>not<\/b> affect your bonus payment. Your bonus payment will be determined by your decision in the next screen.<\/p>\n<br>\n<ul>\n<li>The price of the lottery is \u00a3$e{ round( e:\/\/Field\/anchor , 2 ) }.<\/li>\n<li> The price of \u00a3$e{ round( e:\/\/Field\/anchor , 2 ) } was randomly drawn before the experiment.<\/li>\n<\/ul>","DefaultChoices":false,"DataExportTag":"Q9","QuestionID":"QID51","QuestionType":"DB","Selector":"TB","DataVisibility":{"Private":false,"Hidden":false},"Configuration":{"QuestionDescriptionOption":"UseText"},"QuestionDescription":"The answer to the following question will not affect your bonus payment. Your bonus payment will...","ChoiceOrder":[],"Validation":{"Settings":{"Type":"None"}},"GradingData":[],"Language":[],"NextChoiceId":4,"NextAnswerId":1,"QuestionText_Unsafe":"<p align=\"justify\">\nThe answer to the following question will not affect your bonus payment. Your bonus payment will be determined by your decision in the next screen.<\/p>\n<br>\n<p align=\"justify\">\nImagine the price of the lottery is \u00a3$e{ 0.01*round( e:\/\/Field\/anchor , 2 ) }. The price of \u00a3$e{ 0.01*round( e:\/\/Field\/anchor , 2 ) } was randomly drawn before the experiment.<\/p>"}},{"SurveyID":"SV_8iFBZUaCNJjqRL0","Element":"SQ","PrimaryAttribute":"QID57","SecondaryAttribute":"The answer to the following question will not affect your bonus payment. Your bonus payment will...","TertiaryAttribute":null,"Payload":{"QuestionText":"<p align=\"justify\">\nThe answer to the following question will <b>not<\/b> affect your bonus payment. Your bonus payment will be determined by your decision in the next screen.<\/p>\n<br>\n<ul>\n<li>The price of the lottery is \u00a3$e{ round( e:\/\/Field\/anchor , 2 ) }.<\/li>\n<\/ul>","DefaultChoices":false,"DataExportTag":"Q7","QuestionType":"DB","Selector":"TB","Configuration":{"QuestionDescriptionOption":"UseText"},"QuestionDescription":"The answer to the following question will not affect your bonus payment. Your bonus payment will...","ChoiceOrder":[],"Validation":{"Settings":{"Type":"None"}},"GradingData":[],"Language":[],"NextChoiceId":4,"NextAnswerId":1,"QuestionID":"QID57","DataVisibility":{"Private":false,"Hidden":false},"QuestionText_Unsafe":"<p align=\"justify\">\nThe answer to the following question will not affect your bonus payment. Your bonus payment will be determined by your decision in the next screen.<\/p>\n<br>\nImagine the price of the lottery is \u00a3$e{ 0.01*round( e:\/\/Field\/anchor , 2 ) }."}},{"SurveyID":"SV_8iFBZUaCNJjqRL0","Element":"SQ","PrimaryAttribute":"QID70","SecondaryAttribute":"The answer to the following question will not affect your bonus payment. Your bonus payment will...","TertiaryAttribute":null,"Payload":{"QuestionText":"<p align=\"justify\">\nThe answer to the following question will <b>not<\/b> affect your bonus payment. Your bonus payment will be determined by your decision in the next screen.<\/p>\n<br>\n<p align=\"justify\">\nThe price of the lottery is \u00a3$e{ round( e:\/\/Field\/anchor , 2 ) }. The price of \u00a3$e{ round( e:\/\/Field\/anchor , 2 ) } was randomly determined before the experiment. Out of all the possible values on the table below, the computer shuffled the values and randomly selected one value. All values had the same chance of being selected. The price was computed by diving the selected value by 100. The value of $e{ 100*round( e:\/\/Field\/anchor , 2 ) } was drawn so the price is&nbsp;\u00a3$e{ round( e:\/\/Field\/anchor , 2 ) }.<\/p>\n<center>\n<table width=\"100%\">\n <thead>\n  <tr>\n    <th>All possible values<\/th>\n    <th>Shuffled values<\/th>\n  <\/tr>\n <\/thead>\n  <tbody><tr>\n    <td>\n<table border=\"1px\">\n<tbody>\n  <tr>\n    <td>1<\/td>\n    <td>2<\/td>\n    <td>3<\/td>\n    <td>4<\/td>\n    <td>5<\/td>\n    <td>6<\/td>\n    <td>7<\/td>\n    <td>8<\/td>\n    <td>9<\/td>\n    <td>10<\/td>\n  <\/tr>\n  <tr>\n    <td>11<\/td>\n    <td>12<\/td>\n    <td>13<\/td>\n    <td>14<\/td>\n    <td>15<\/td>\n    <td>16<\/td>\n    <td>17<\/td>\n    <td>18<\/td>\n    <td>19<\/td>\n    <td>20<\/td>\n  <\/tr>\n  <tr>\n    <td>21<\/td>\n    <td>22<\/td>\n    <td>23<\/td>\n    <td>24<\/td>\n    <td>25<\/td>\n    <td>26<\/td>\n    <td>27<\/td>\n    <td>28<\/td>\n    <td>29<\/td>\n    <td>30<\/td>\n  <\/tr>\n  <tr>\n    <td>31<\/td>\n    <td>32<\/td>\n    <td>33<\/td>\n    <td>34<\/td>\n    <td>35<\/td>\n    <td>36<\/td>\n    <td>37<\/td>\n    <td>38<\/td>\n    <td>39<\/td>\n    <td>40<\/td>\n  <\/tr>\n  <tr>\n    <td>41<\/td>\n    <td>42<\/td>\n    <td>43<\/td>\n    <td>44<\/td>\n    <td>45<\/td>\n    <td>46<\/td>\n    <td>47<\/td>\n    <td>48<\/td>\n    <td>49<\/td>\n    <td>50<\/td>\n  <\/tr>\n  <tr>\n    <td>51<\/td>\n    <td>52<\/td>\n    <td>53<\/td>\n    <td>54<\/td>\n    <td>55<\/td>\n    <td>56<\/td>\n    <td>57<\/td>\n    <td>58<\/td>\n    <td>59<\/td>\n    <td>60<\/td>\n  <\/tr>\n  <tr>\n    <td>61<\/td>\n    <td>62<\/td>\n    <td>63<\/td>\n    <td>64<\/td>\n    <td>65<\/td>\n    <td>66<\/td>\n    <td>67<\/td>\n    <td>68<\/td>\n    <td>69<\/td>\n    <td>70<\/td>\n  <\/tr>\n  <tr>\n    <td>71<\/td>\n    <td>72<\/td>\n    <td>73<\/td>\n    <td>74<\/td>\n    <td>75<\/td>\n    <td>76<\/td>\n    <td>77<\/td>\n    <td>78<\/td>\n    <td>79<\/td>\n    <td>80<\/td>\n  <\/tr>\n  <tr>\n    <td>81<\/td>\n    <td>82<\/td>\n    <td>83<\/td>\n    <td>84<\/td>\n    <td>85<\/td>\n    <td>86<\/td>\n    <td>87<\/td>\n    <td>88<\/td>\n    <td>89<\/td>\n    <td>90<\/td>\n  <\/tr>\n  <tr>\n    <td>91<\/td>\n    <td>92<\/td>\n    <td>93<\/td>\n    <td>94<\/td>\n    <td>95<\/td>\n    <td>96<\/td>\n    <td>97<\/td>\n    <td>98<\/td>\n    <td>99<\/td>\n    <td>100<\/td>\n  <\/tr>\n<\/tbody>\n<\/table>\n<\/td>\n    <td>\n<table border=\"1px\">\n<tbody>\n  <tr>\n    <td>51<\/td>\n    <td>11<\/td>\n    <td>15<\/td>\n    <td>42<\/td>\n    <td>48<\/td>\n    <td>3<\/td>\n    <td>75<\/td>\n    <td>26<\/td>\n    <td>92<\/td>\n    <td>100<\/td>\n  <\/tr>\n  <tr>\n    <td>16<\/td>\n    <td>76<\/td>\n    <td>58<\/td>\n    <td>55<\/td>\n    <td>10<\/td>\n    <td>25<\/td>\n    <td>56<\/td>\n    <td>22<\/td>\n    <td>43<\/td>\n    <td>33<\/td>\n  <\/tr>\n  <tr>\n    <td>6<\/td>\n    <td>77<\/td>\n    <td>61<\/td>\n    <td>83<\/td>\n    <td>7<\/td>\n    <td>34<\/td>\n    <td>8<\/td>\n    <td>73<\/td>\n    <td>36<\/td>\n    <td>84<\/td>\n  <\/tr>\n  <tr>\n    <td>57<\/td>\n    <td>80<\/td>\n    <td>39<\/td>\n    <td>29<\/td>\n    <td>4<\/td>\n    <td>60<\/td>\n    <td>46<\/td>\n    <td>40<\/td>\n    <td>20<\/td>\n    <td>94<\/td>\n  <\/tr>\n  <tr>\n    <td>65<\/td>\n    <td>93<\/td>\n    <td>71<\/td>\n    <td>23<\/td>\n    <td>99<\/td>\n    <td>5<\/td>\n    <td>81<\/td>\n    <td>50<\/td>\n    <td>49<\/td>\n    <td>95<\/td>\n  <\/tr>\n  <tr>\n    <td>88<\/td>\n    <td>72<\/td>\n    <td>38<\/td>\n    <td>86<\/td>\n    <td>78<\/td>\n    <td>21<\/td>\n    <td>47<\/td>\n    <td>19<\/td>\n    <td>27<\/td>\n    <td>79<\/td>\n  <\/tr>\n  <tr>\n    <td>90<\/td>\n    <td>44<\/td>\n    <td>54<\/td>\n    <td>9<\/td>\n    <td>35<\/td>\n    <td>85<\/td>\n    <td>82<\/td>\n    <td>13<\/td>\n    <td>74<\/td>\n    <td>67<\/td>\n  <\/tr>\n  <tr>\n    <td>1<\/td>\n    <td>2<\/td>\n    <td>37<\/td>\n    <td>31<\/td>\n    <td>91<\/td>\n    <td>89<\/td>\n    <td>96<\/td>\n    <td>59<\/td>\n    <td>17<\/td>\n    <td>53<\/td>\n  <\/tr>\n  <tr>\n    <td>28<\/td>\n    <td>70<\/td>\n    <td>24<\/td>\n    <td>68<\/td>\n    <td>45<\/td>\n    <td>14<\/td>\n    <td>98<\/td>\n    <td>97<\/td>\n    <td>87<\/td>\n    <td>32<\/td>\n  <\/tr>\n  <tr>\n    <td>12<\/td>\n    <td>18<\/td>\n    <td>63<\/td>\n    <td>30<\/td>\n    <td>41<\/td>\n    <td>69<\/td>\n    <td>62<\/td>\n    <td>66<\/td>\n    <td>52<\/td>\n    <td>64<\/td>\n  <\/tr>\n<\/tbody>\n<\/table>\n<\/td>\n  <\/tr>\n<\/tbody>\n<\/table>\n<\/center>","DefaultChoices":false,"DataExportTag":"Q21","QuestionType":"DB","Selector":"TB","DataVisibility":{"Private":false,"Hidden":false},"Configuration":{"QuestionDescriptionOption":"UseText"},"QuestionDescription":"The answer to the following question will not affect your bonus payment. Your bonus payment will...","ChoiceOrder":[],"Validation":{"Settings":{"Type":"None"}},"GradingData":[],"Language":[],"NextChoiceId":4,"NextAnswerId":1,"QuestionID":"QID70"}},{"SurveyID":"SV_8iFBZUaCNJjqRL0","Element":"SQ","PrimaryAttribute":"QID30","SecondaryAttribute":"The study involves making a decision about a lottery with three possible outcomes. We provide you...","TertiaryAttribute":null,"Payload":{"QuestionText":"<p align=\"justify\">The study involves making a decision about a lottery with three possible outcomes. We provide you with a visualization of the lottery below. Blue balls are worth \u00a32.88, yellow balls are worth \u00a31.23, and red balls are worth \u00a30.15. After shuffling the balls, the computer will randomly draw a ball and this will be the outcome of the lottery.<\/p>\n<center>\n<table>\n <thead>\n  <tr>\n    <th>Before shuffling<\/th>\n    <th>After shuffling<\/th>\n  <\/tr>\n <\/thead>\n  <tbody><tr>\n    <td>\n<table>\n <tbody>\n  <tr>\n   <td>\ud83d\udfe3<\/td>\n   <td>\ud83d\udfe3<\/td>\n   <td>\ud83d\udfe3<\/td>\n   <td>\ud83d\udfe3<\/td>\n   <td>\ud83d\udfe3<\/td>\n   <td>\ud83d\udfe3<\/td>\n   <td>\ud83d\udfe3<\/td>\n   <td>\ud83d\udfe3<\/td>\n   <td>\ud83d\udfe3<\/td>\n   <td>\ud83d\udfe3<\/td>\n  <\/tr>\n  <tr>\n   <td>\ud83d\udfe3<\/td>\n   <td>\ud83d\udfe3<\/td>\n   <td>\ud83d\udfe3<\/td>\n   <td>\ud83d\udfe3<\/td>\n   <td>\ud83d\udfe3<\/td>\n   <td>\ud83d\udfe3<\/td>\n   <td>\ud83d\udfe3<\/td>\n   <td>\ud83d\udfe3<\/td>\n   <td>\ud83d\udfe3<\/td>\n   <td>\ud83d\udfe3<\/td>\n  <\/tr>\n  <tr>\n   <td>\ud83d\udfe3<\/td>\n   <td>\ud83d\udfe3<\/td>\n   <td>\ud83d\udfe3<\/td>\n   <td>\ud83d\udfe3<\/td>\n   <td>\ud83d\udfe3<\/td>\n   <td>\ud83d\udfe3<\/td>\n   <td>\ud83d\udfe3<\/td>\n   <td>\ud83d\udfe3<\/td>\n   <td>\ud83d\udfe3<\/td>\n   <td>\ud83d\udfe3<\/td>\n  <\/tr>\n  <tr>\n   <td>\ud83d\udfe1<\/td>\n   <td>\ud83d\udfe1<\/td>\n   <td>\ud83d\udfe1<\/td>\n   <td>\ud83d\udfe1<\/td>\n   <td>\ud83d\udfe1<\/td>\n   <td>\ud83d\udfe1<\/td>\n   <td>\ud83d\udfe1<\/td>\n   <td>\ud83d\udfe1<\/td>\n   <td>\ud83d\udfe1<\/td>\n   <td>\ud83d\udfe1<\/td>\n  <\/tr>\n  <tr>\n   <td>\ud83d\udfe1<\/td>\n   <td>\ud83d\udfe1<\/td>\n   <td>\ud83d\udfe1<\/td>\n   <td>\ud83d\udfe1<\/td>\n   <td>\ud83d\udfe1<\/td>\n   <td>\ud83d\udfe1<\/td>\n   <td>\ud83d\udfe1<\/td>\n   <td>\ud83d\udfe1<\/td>\n   <td>\ud83d\udfe1<\/td>\n   <td>\ud83d\udfe1<\/td>\n  <\/tr>\n  <tr>\n   <td>\ud83d\udfe1<\/td>\n   <td>\ud83d\udfe1<\/td>\n   <td>\ud83d\udfe1<\/td>\n   <td>\ud83d\udfe1<\/td>\n   <td>\ud83d\udfe1<\/td>\n   <td>\ud83d\udfe1<\/td>\n   <td>\ud83d\udfe1<\/td>\n   <td>\ud83d\udfe1<\/td>\n   <td>\ud83d\udfe1<\/td>\n   <td>\ud83d\udfe1<\/td>\n  <\/tr>\n  <tr>\n   <td>\ud83d\udfe1<\/td>\n   <td>\ud83d\udfe1<\/td>\n   <td>\ud83d\udfe1<\/td>\n   <td>\ud83d\udfe1<\/td>\n   <td>\ud83d\udfe1<\/td>\n   <td>\ud83d\udfe1<\/td>\n   <td>\ud83d\udfe1<\/td>\n   <td>\ud83d\udfe1<\/td>\n   <td>\ud83d\udfe1<\/td>\n   <td>\ud83d\udfe1<\/td>\n  <\/tr>\n  <tr>\n   <td>\ud83d\udfe1<\/td>\n   <td>\ud83d\udfe1<\/td>\n   <td>\ud83d\udfe1<\/td>\n   <td>\ud83d\udfe1<\/td>\n   <td>\ud83d\udfe1<\/td>\n   <td>\ud83d\udfe1<\/td>\n   <td>\ud83d\udfe1<\/td>\n   <td>\ud83d\udfe1<\/td>\n   <td>\ud83d\udfe1<\/td>\n   <td>\ud83d\udfe1<\/td>\n  <\/tr>\n  <tr>\n   <td>\ud83d\udfe0<\/td>\n   <td>\ud83d\udfe0<\/td>\n   <td>\ud83d\udfe0<\/td>\n   <td>\ud83d\udfe0<\/td>\n   <td>\ud83d\udfe0<\/td>\n   <td>\ud83d\udfe0<\/td>\n   <td>\ud83d\udfe0<\/td>\n   <td>\ud83d\udfe0<\/td>\n   <td>\ud83d\udfe0<\/td>\n   <td>\ud83d\udfe0<\/td>\n  <\/tr>\n  <tr>\n   <td>\ud83d\udfe0<\/td>\n   <td>\ud83d\udfe0<\/td>\n   <td>\ud83d\udfe0<\/td>\n   <td>\ud83d\udfe0<\/td>\n   <td>\ud83d\udfe0<\/td>\n   <td>\ud83d\udfe0<\/td>\n   <td>\ud83d\udfe0<\/td>\n   <td>\ud83d\udfe0<\/td>\n   <td>\ud83d\udfe0<\/td>\n   <td>\ud83d\udfe0<\/td>\n  <\/tr>\n <\/tbody>\n<\/table>\n<\/td>\n    <td>\n<table>\n <tbody>\n  <tr>\n   <th>\ud83d\udfe0<\/th>\n   <th>\ud83d\udfe0<\/th>\n   <th>\ud83d\udfe1<\/th>\n   <th>\ud83d\udfe3<\/th>\n   <th>\ud83d\udfe1<\/th>\n   <th>\ud83d\udfe1<\/th>\n   <th>\ud83d\udfe3<\/th>\n   <th>\ud83d\udfe1<\/th>\n   <th>\ud83d\udfe0<\/th>\n   <th>\ud83d\udfe1<\/th>\n  <\/tr>\n  <tr>\n   <td>\ud83d\udfe1<\/td>\n   <td>\ud83d\udfe1<\/td>\n   <td>\ud83d\udfe0<\/td>\n   <td>\ud83d\udfe1<\/td>\n   <td>\ud83d\udfe3<\/td>\n   <td>\ud83d\udfe3<\/td>\n   <td>\ud83d\udfe1<\/td>\n   <td>\ud83d\udfe1<\/td>\n   <td>\ud83d\udfe0<\/td>\n   <td>\ud83d\udfe1<\/td>\n  <\/tr>\n  <tr>\n   <td>\ud83d\udfe1<\/td>\n   <td>\ud83d\udfe1<\/td>\n   <td>\ud83d\udfe3<\/td>\n   <td>\ud83d\udfe0<\/td>\n   <td>\ud83d\udfe1<\/td>\n   <td>\ud83d\udfe1<\/td>\n   <td>\ud83d\udfe3<\/td>\n   <td>\ud83d\udfe1<\/td>\n   <td>\ud83d\udfe3<\/td>\n   <td>\ud83d\udfe0<\/td>\n  <\/tr>\n  <tr>\n   <td>\ud83d\udfe3<\/td>\n   <td>\ud83d\udfe3<\/td>\n   <td>\ud83d\udfe1<\/td>\n   <td>\ud83d\udfe0<\/td>\n   <td>\ud83d\udfe1<\/td>\n   <td>\ud83d\udfe3<\/td>\n   <td>\ud83d\udfe1<\/td>\n   <td>\ud83d\udfe1<\/td>\n   <td>\ud83d\udfe0<\/td>\n   <td>\ud83d\udfe3<\/td>\n  <\/tr>\n  <tr>\n   <td>\ud83d\udfe1<\/td>\n   <td>\ud83d\udfe1<\/td>\n   <td>\ud83d\udfe3<\/td>\n   <td>\ud83d\udfe0<\/td>\n   <td>\ud83d\udfe3<\/td>\n   <td>\ud83d\udfe1<\/td>\n   <td>\ud83d\udfe3<\/td>\n   <td>\ud83d\udfe3<\/td>\n   <td>\ud83d\udfe0<\/td>\n   <td>\ud83d\udfe0<\/td>\n  <\/tr>\n  <tr>\n   <td>\ud83d\udfe0<\/td>\n   <td>\ud83d\udfe1<\/td>\n   <td>\ud83d\udfe1<\/td>\n   <td>\ud83d\udfe1<\/td>\n   <td>\ud83d\udfe1<\/td>\n   <td>\ud83d\udfe3<\/td>\n   <td>\ud83d\udfe1<\/td>\n   <td>\ud83d\udfe3<\/td>\n   <td>\ud83d\udfe3<\/td>\n   <td>\ud83d\udfe1<\/td>\n  <\/tr>\n  <tr>\n   <td>\ud83d\udfe3<\/td>\n   <td>\ud83d\udfe0<\/td>\n   <td>\ud83d\udfe3<\/td>\n   <td>\ud83d\udfe1<\/td>\n   <td>\ud83d\udfe1<\/td>\n   <td>\ud83d\udfe1<\/td>\n   <td>\ud83d\udfe3<\/td>\n   <td>\ud83d\udfe1<\/td>\n   <td>\ud83d\udfe1<\/td>\n   <td>\ud83d\udfe0<\/td>\n  <\/tr>\n  <tr>\n   <td>\ud83d\udfe1<\/td>\n   <td>\ud83d\udfe1<\/td>\n   <td>\ud83d\udfe1<\/td>\n   <td>\ud83d\udfe1<\/td>\n   <td>\ud83d\udfe3<\/td>\n   <td>\ud83d\udfe1<\/td>\n   <td>\ud83d\udfe3<\/td>\n   <td>\ud83d\udfe1<\/td>\n   <td>\ud83d\udfe0<\/td>\n   <td>\ud83d\udfe1<\/td>\n  <\/tr>\n  <tr>\n   <td>\ud83d\udfe1<\/td>\n   <td>\ud83d\udfe1<\/td>\n   <td>\ud83d\udfe3<\/td>\n   <td>\ud83d\udfe1<\/td>\n   <td>\ud83d\udfe3<\/td>\n   <td>\ud83d\udfe1<\/td>\n   <td>\ud83d\udfe3<\/td>\n   <td>\ud83d\udfe3<\/td>\n   <td>\ud83d\udfe0<\/td>\n   <td>\ud83d\udfe1<\/td>\n  <\/tr>\n  <tr>\n   <td>\ud83d\udfe3<\/td>\n   <td>\ud83d\udfe1<\/td>\n   <td>\ud83d\udfe3<\/td>\n   <td>\ud83d\udfe1<\/td>\n   <td>\ud83d\udfe3<\/td>\n   <td>\ud83d\udfe1<\/td>\n   <td>\ud83d\udfe1<\/td>\n   <td>\ud83d\udfe0<\/td>\n   <td>\ud83d\udfe0<\/td>\n   <td>\ud83d\udfe0<\/td>\n  <\/tr>\n <\/tbody>\n<\/table>\n<\/td>\n  <\/tr>\n<\/tbody><\/table>\n<\/center>\n<br>\n<p align=\"justify\">In the remainder of the study, consider this lottery yours. Your task is to decide between two options.<\/p>\n<ul>\n <li>Option 1: play the lottery<br>\n If you play the lottery, the computer will draw a ball from the urn. Your <b>bonus payment<\/b> will be the amount corresponding to the ball that was drawn.<\/li>\n <li>Option 2: sell the lottery<br>\n If you sell the lottery, your <b>bonus payment<\/b> will be the amount you sold it for and the lottery will not be implemented.<\/li>\n<\/ul>","DefaultChoices":false,"DataExportTag":"Q6","QuestionType":"DB","Selector":"TB","Configuration":{"QuestionDescriptionOption":"UseText"},"QuestionDescription":"The study involves making a decision about a lottery with three possible outcomes. We provide you...","ChoiceOrder":[],"Validation":{"Settings":{"Type":"None"}},"GradingData":[],"Language":[],"NextChoiceId":4,"NextAnswerId":1,"QuestionID":"QID30","DataVisibility":{"Private":false,"Hidden":false},"QuestionText_Unsafe":"<p align=\"justify\">The study involves making a decision about a lottery with three possible outcomes. We provide you with a visualization of the lottery below. Blue balls are worth &pound;0.96, yellow balls are worth &pound;0.41, and red balls are worth &pound;0.05. After shuffling the balls, the computer will randomly draw a ball and this will be the outcome of the lottery.<\/p>\n<table>\n <thead>\n  <tr>\n    <th>Before shuffling<\/th>\n    <th>After shuffling<\/th>\n  <\/tr>\n <\/thead>\n  <tr>\n    <td>\n<table>\n <tbody>\n  <tr>\n   <td>\ud83d\udfe3<\/td>\n   <td>\ud83d\udfe3<\/td>\n   <td>\ud83d\udfe3<\/td>\n   <td>\ud83d\udfe3<\/td>\n   <td>\ud83d\udfe3<\/td>\n   <td>\ud83d\udfe3<\/td>\n   <td>\ud83d\udfe3<\/td>\n   <td>\ud83d\udfe3<\/td>\n   <td>\ud83d\udfe3<\/td>\n   <td>\ud83d\udfe3<\/td>\n  <\/tr>\n  <tr>\n   <td>\ud83d\udfe3<\/td>\n   <td>\ud83d\udfe3<\/td>\n   <td>\ud83d\udfe3<\/td>\n   <td>\ud83d\udfe3<\/td>\n   <td>\ud83d\udfe3<\/td>\n   <td>\ud83d\udfe3<\/td>\n   <td>\ud83d\udfe3<\/td>\n   <td>\ud83d\udfe3<\/td>\n   <td>\ud83d\udfe3<\/td>\n   <td>\ud83d\udfe3<\/td>\n  <\/tr>\n  <tr>\n   <td>\ud83d\udfe3<\/td>\n   <td>\ud83d\udfe3<\/td>\n   <td>\ud83d\udfe3<\/td>\n   <td>\ud83d\udfe3<\/td>\n   <td>\ud83d\udfe3<\/td>\n   <td>\ud83d\udfe3<\/td>\n   <td>\ud83d\udfe3<\/td>\n   <td>\ud83d\udfe3<\/td>\n   <td>\ud83d\udfe3<\/td>\n   <td>\ud83d\udfe3<\/td>\n  <\/tr>\n  <tr>\n   <td>\ud83d\udfe1<\/td>\n   <td>\ud83d\udfe1<\/td>\n   <td>\ud83d\udfe1<\/td>\n   <td>\ud83d\udfe1<\/td>\n   <td>\ud83d\udfe1<\/td>\n   <td>\ud83d\udfe1<\/td>\n   <td>\ud83d\udfe1<\/td>\n   <td>\ud83d\udfe1<\/td>\n   <td>\ud83d\udfe1<\/td>\n   <td>\ud83d\udfe1<\/td>\n  <\/tr>\n  <tr>\n   <td>\ud83d\udfe1<\/td>\n   <td>\ud83d\udfe1<\/td>\n   <td>\ud83d\udfe1<\/td>\n   <td>\ud83d\udfe1<\/td>\n   <td>\ud83d\udfe1<\/td>\n   <td>\ud83d\udfe1<\/td>\n   <td>\ud83d\udfe1<\/td>\n   <td>\ud83d\udfe1<\/td>\n   <td>\ud83d\udfe1<\/td>\n   <td>\ud83d\udfe1<\/td>\n  <\/tr>\n  <tr>\n   <td>\ud83d\udfe1<\/td>\n   <td>\ud83d\udfe1<\/td>\n   <td>\ud83d\udfe1<\/td>\n   <td>\ud83d\udfe1<\/td>\n   <td>\ud83d\udfe1<\/td>\n   <td>\ud83d\udfe1<\/td>\n   <td>\ud83d\udfe1<\/td>\n   <td>\ud83d\udfe1<\/td>\n   <td>\ud83d\udfe1<\/td>\n   <td>\ud83d\udfe1<\/td>\n  <\/tr>\n  <tr>\n   <td>\ud83d\udfe1<\/td>\n   <td>\ud83d\udfe1<\/td>\n   <td>\ud83d\udfe1<\/td>\n   <td>\ud83d\udfe1<\/td>\n   <td>\ud83d\udfe1<\/td>\n   <td>\ud83d\udfe1<\/td>\n   <td>\ud83d\udfe1<\/td>\n   <td>\ud83d\udfe1<\/td>\n   <td>\ud83d\udfe1<\/td>\n   <td>\ud83d\udfe1<\/td>\n  <\/tr>\n  <tr>\n   <td>\ud83d\udfe1<\/td>\n   <td>\ud83d\udfe1<\/td>\n   <td>\ud83d\udfe1<\/td>\n   <td>\ud83d\udfe1<\/td>\n   <td>\ud83d\udfe1<\/td>\n   <td>\ud83d\udfe1<\/td>\n   <td>\ud83d\udfe1<\/td>\n   <td>\ud83d\udfe1<\/td>\n   <td>\ud83d\udfe1<\/td>\n   <td>\ud83d\udfe1<\/td>\n  <\/tr>\n  <tr>\n   <td>\ud83d\udfe0<\/td>\n   <td>\ud83d\udfe0<\/td>\n   <td>\ud83d\udfe0<\/td>\n   <td>\ud83d\udfe0<\/td>\n   <td>\ud83d\udfe0<\/td>\n   <td>\ud83d\udfe0<\/td>\n   <td>\ud83d\udfe0<\/td>\n   <td>\ud83d\udfe0<\/td>\n   <td>\ud83d\udfe0<\/td>\n   <td>\ud83d\udfe0<\/td>\n  <\/tr>\n  <tr>\n   <td>\ud83d\udfe0<\/td>\n   <td>\ud83d\udfe0<\/td>\n   <td>\ud83d\udfe0<\/td>\n   <td>\ud83d\udfe0<\/td>\n   <td>\ud83d\udfe0<\/td>\n   <td>\ud83d\udfe0<\/td>\n   <td>\ud83d\udfe0<\/td>\n   <td>\ud83d\udfe0<\/td>\n   <td>\ud83d\udfe0<\/td>\n   <td>\ud83d\udfe0<\/td>\n  <\/tr>\n <\/tbody>\n<\/table>\n<\/td>\n    <td>\n<table>\n <tbody>\n  <tr>\n   <th>\ud83d\udfe0<\/th>\n   <th>\ud83d\udfe0<\/th>\n   <th>\ud83d\udfe1<\/th>\n   <th>\ud83d\udfe3<\/th>\n   <th>\ud83d\udfe1<\/th>\n   <th>\ud83d\udfe1<\/th>\n   <th>\ud83d\udfe3<\/th>\n   <th>\ud83d\udfe1<\/th>\n   <th>\ud83d\udfe0<\/th>\n   <th>\ud83d\udfe1<\/th>\n  <\/tr>\n  <tr>\n   <td>\ud83d\udfe1<\/td>\n   <td>\ud83d\udfe1<\/td>\n   <td>\ud83d\udfe0<\/td>\n   <td>\ud83d\udfe1<\/td>\n   <td>\ud83d\udfe3<\/td>\n   <td>\ud83d\udfe3<\/td>\n   <td>\ud83d\udfe1<\/td>\n   <td>\ud83d\udfe1<\/td>\n   <td>\ud83d\udfe0<\/td>\n   <td>\ud83d\udfe1<\/td>\n  <\/tr>\n  <tr>\n   <td>\ud83d\udfe1<\/td>\n   <td>\ud83d\udfe1<\/td>\n   <td>\ud83d\udfe3<\/td>\n   <td>\ud83d\udfe0<\/td>\n   <td>\ud83d\udfe1<\/td>\n   <td>\ud83d\udfe1<\/td>\n   <td>\ud83d\udfe3<\/td>\n   <td>\ud83d\udfe1<\/td>\n   <td>\ud83d\udfe3<\/td>\n   <td>\ud83d\udfe0<\/td>\n  <\/tr>\n  <tr>\n   <td>\ud83d\udfe3<\/td>\n   <td>\ud83d\udfe3<\/td>\n   <td>\ud83d\udfe1<\/td>\n   <td>\ud83d\udfe0<\/td>\n   <td>\ud83d\udfe1<\/td>\n   <td>\ud83d\udfe3<\/td>\n   <td>\ud83d\udfe1<\/td>\n   <td>\ud83d\udfe1<\/td>\n   <td>\ud83d\udfe0<\/td>\n   <td>\ud83d\udfe3<\/td>\n  <\/tr>\n  <tr>\n   <td>\ud83d\udfe1<\/td>\n   <td>\ud83d\udfe1<\/td>\n   <td>\ud83d\udfe3<\/td>\n   <td>\ud83d\udfe0<\/td>\n   <td>\ud83d\udfe3<\/td>\n   <td>\ud83d\udfe1<\/td>\n   <td>\ud83d\udfe3<\/td>\n   <td>\ud83d\udfe3<\/td>\n   <td>\ud83d\udfe0<\/td>\n   <td>\ud83d\udfe0<\/td>\n  <\/tr>\n  <tr>\n   <td>\ud83d\udfe0<\/td>\n   <td>\ud83d\udfe1<\/td>\n   <td>\ud83d\udfe1<\/td>\n   <td>\ud83d\udfe1<\/td>\n   <td>\ud83d\udfe1<\/td>\n   <td>\ud83d\udfe3<\/td>\n   <td>\ud83d\udfe1<\/td>\n   <td>\ud83d\udfe3<\/td>\n   <td>\ud83d\udfe3<\/td>\n   <td>\ud83d\udfe1<\/td>\n  <\/tr>\n  <tr>\n   <td>\ud83d\udfe3<\/td>\n   <td>\ud83d\udfe0<\/td>\n   <td>\ud83d\udfe3<\/td>\n   <td>\ud83d\udfe1<\/td>\n   <td>\ud83d\udfe1<\/td>\n   <td>\ud83d\udfe1<\/td>\n   <td>\ud83d\udfe3<\/td>\n   <td>\ud83d\udfe1<\/td>\n   <td>\ud83d\udfe1<\/td>\n   <td>\ud83d\udfe0<\/td>\n  <\/tr>\n  <tr>\n   <td>\ud83d\udfe1<\/td>\n   <td>\ud83d\udfe1<\/td>\n   <td>\ud83d\udfe1<\/td>\n   <td>\ud83d\udfe1<\/td>\n   <td>\ud83d\udfe3<\/td>\n   <td>\ud83d\udfe1<\/td>\n   <td>\ud83d\udfe3<\/td>\n   <td>\ud83d\udfe1<\/td>\n   <td>\ud83d\udfe0<\/td>\n   <td>\ud83d\udfe1<\/td>\n  <\/tr>\n  <tr>\n   <td>\ud83d\udfe1<\/td>\n   <td>\ud83d\udfe1<\/td>\n   <td>\ud83d\udfe3<\/td>\n   <td>\ud83d\udfe1<\/td>\n   <td>\ud83d\udfe3<\/td>\n   <td>\ud83d\udfe1<\/td>\n   <td>\ud83d\udfe3<\/td>\n   <td>\ud83d\udfe3<\/td>\n   <td>\ud83d\udfe0<\/td>\n   <td>\ud83d\udfe1<\/td>\n  <\/tr>\n  <tr>\n   <td>\ud83d\udfe3<\/td>\n   <td>\ud83d\udfe1<\/td>\n   <td>\ud83d\udfe3<\/td>\n   <td>\ud83d\udfe1<\/td>\n   <td>\ud83d\udfe3<\/td>\n   <td>\ud83d\udfe1<\/td>\n   <td>\ud83d\udfe1<\/td>\n   <td>\ud83d\udfe0<\/td>\n   <td>\ud83d\udfe0<\/td>\n   <td>\ud83d\udfe0<\/td>\n  <\/tr>\n <\/tbody>\n<\/table>\n<\/td>\n  <\/tr>\n<\/table>\n<br>\n<p align=\"justify\">In the remainder of the study, consider this lottery yours. Your task is to decide between two options.<\/p>\n<ul>\n <li>Option 1: play the lottery<br>\n If you play the lottery, the computer will draw a ball from the urn. Your <b>bonus payment<\/b> will the amount corresponding to the ball that was drawn.<\/li>\n <li>Option 2: sell the lottery<br>\n If you sell the lottery, your <b>bonus payment<\/b> will be the amount you sold it for and the lottery will not be implemented.<\/li>\n<\/ul>"}},{"SurveyID":"SV_8iFBZUaCNJjqRL0","Element":"SQ","PrimaryAttribute":"QID22","SecondaryAttribute":"This page will explain to you how your final payment is calculated. You will receive \u00a3...","TertiaryAttribute":null,"Payload":{"QuestionText":"<p align=\"justify\">\nThis page will explain to you how your final payment is calculated.\n<\/p>\n<br>\n<p align=\"justify\">\nYou will receive \u00a3${e:\/\/Field\/participation_fee} for participating in the study.\n<\/p>\n<br>\n<p align=\"justify\">\nThe randomly drawn price was \u00a3$e{ round( e:\/\/Field\/price , 2 ) }. For this price, you indicated you were willing to sell the lottery. Hence, your bonus payment is equal to \u00a3$e{ round( e:\/\/Field\/payment_bonus , 2 ) }.\n<\/p>\n<br>\n<p align=\"justify\">\nYour total payment is \u00a3$e{ round( e:\/\/Field\/payment_total , 2 ) }.\n<\/p>\n<br>\n<p align=\"justify\">\nThank you for participating in this study.&nbsp;Please click Next to return to Prolific and register your submission.<\/p>","DefaultChoices":false,"DataExportTag":"Q24","QuestionType":"DB","Selector":"TB","Configuration":{"QuestionDescriptionOption":"UseText"},"QuestionDescription":"This page will explain to you how your final payment is calculated. You will receive \u00a3...","ChoiceOrder":[],"Validation":{"Settings":{"Type":"None"}},"GradingData":[],"Language":[],"NextChoiceId":4,"NextAnswerId":1,"QuestionID":"QID22","DataVisibility":{"Private":false,"Hidden":false},"QuestionText_Unsafe":"This page will summarize how your payment is calculated.<br>\nFor completing the survey: You will receive \u00a31.00.<br>\nFor the lottery task: The randomly drawn price was X. For this price you indicated that you are prefer to -play lottery\/sell lottery. If sell, bonus = price. If play, then bonus = lottery_outcome.<br><br>\nHence, you total payment from this study will be fixed+bonus.<br>\n<br>\nThanks for participating!"}},{"SurveyID":"SV_8iFBZUaCNJjqRL0","Element":"SQ","PrimaryAttribute":"QID68","SecondaryAttribute":"This page will explain to you how your final payment is calculated. You will receive \u00a3...","TertiaryAttribute":null,"Payload":{"QuestionText":"<p align=\"justify\">\nThis page will explain to you how your final payment is calculated.\n<\/p>\n<br>\n<p align=\"justify\">\nYou will receive \u00a3${e:\/\/Field\/participation_fee} for participating in the study.\n<\/p>\n<br>\n<p align=\"justify\">\nThe randomly drawn price was \u00a3$e{ round( e:\/\/Field\/price , 2 ) }. For this price, you indicated you were willing to keep the lottery. The computer randomly drew the prize of&nbsp;\u00a3${e:\/\/Field\/lottery_outcome}. Hence, your bonus payment is equal to \u00a3$e{ round( e:\/\/Field\/payment_bonus , 2 ) }.\n<\/p>\n<br>\n<p align=\"justify\">\nYour total payment is \u00a3$e{ round( e:\/\/Field\/payment_total , 2 ) }.\n\n \n<\/p>\n<br>\n<p align=\"justify\">\nThank you for participating in this study. Please click Next to return to Prolific and register your submission.<\/p>","DefaultChoices":false,"QuestionType":"DB","Selector":"TB","Configuration":{"QuestionDescriptionOption":"UseText"},"QuestionDescription":"This page will explain to you how your final payment is calculated. You will receive \u00a3...","ChoiceOrder":[],"Validation":{"Settings":{"Type":"None"}},"GradingData":[],"Language":[],"NextChoiceId":4,"NextAnswerId":1,"DataVisibility":{"Private":false,"Hidden":false},"QuestionText_Unsafe":"<p align=\"justify\">\nThis page will explain to you how your final payment is calculated.\n<\/p>\n<br>\n<p align=\"justify\">\nYou will receive \u00a3${e:\/\/Field\/participation_fee} for participating in the study.\n<\/p>\n<br>\n<p align=\"justify\">\nThe randomly drawn price was \u00a3${e:\/\/Field\/price}. For this price, you indicated you were willing to sell the lottery. Hence, your bonus payment is equal to \u00a3${e:\/\/Field\/payment_bonus}.\n<\/p>\n<br>\n<p align=\"justify\">\nYour total payment is \u00a3${e:\/\/Field\/payment_total}.\n<\/p>\n<br>\n<p align=\"justify\">\nThank you for participating in this study.\n<\/p>","DataExportTag":"Q68","QuestionID":"QID68"}},{"SurveyID":"SV_8iFBZUaCNJjqRL0","Element":"SQ","PrimaryAttribute":"QID5","SecondaryAttribute":"Welcome, You are participating in a study of the University of Amsterdam. Your participation in t...","TertiaryAttribute":null,"Payload":{"QuestionText":"<div>Welcome,<\/div>\n<br>\n<p align=\"justify\">You are participating in a study of the University of Amsterdam. Your participation in this study is confidential and your identity will not be stored with your data.<\/p>\n<br>\n<p align=\"justify\">You will not be asked to provide any personally identifying information. Your answers will be used only for research purposes and in ways that will not reveal who you are. The results will be reported in aggregate form only, and cannot be identified individually. Any information that could identify you will be removed before data is shared with other researchers or results are made public. By participating in this study, you consent to the data being used for this purpose.<\/p>\n<br>\n<p align=\"justify\">Your participation in this research is entirely voluntary and you have the right to withdraw consent at any time by closing your browser. The goal of this study is to assess how people make decisions. You receive a <b>guaranteed payment<\/b> of \u00a3${e:\/\/Field\/participation_fee} for participating in the study. Further, you can earn substantial money as a bonus. Your <b>bonus payment<\/b>&nbsp;will depend on your decisions. The study is expected to take 10 minutes.<\/p>\n<br>\n<p align=\"justify\">If you have questions, you can contact the researcher via email at the following address: k.ioannidis@uva.nl.<\/p>","DefaultChoices":false,"DataExportTag":"Q2","QuestionType":"DB","Selector":"TB","Configuration":{"QuestionDescriptionOption":"UseText"},"QuestionDescription":"Welcome, You are participating in a study of the University of Amsterdam. Your participation in t...","ChoiceOrder":[],"Validation":{"Settings":{"Type":"None"}},"GradingData":[],"Language":[],"NextChoiceId":4,"NextAnswerId":1,"QuestionID":"QID5","DataVisibility":{"Private":false,"Hidden":false},"QuestionText_Unsafe":"<div>Welcome,<\/div>\n<br>\n<p align=\"justify\">You are participating in a study of the University of Amsterdam. Your participation in this study is confidential and your identity will not be stored with your data.<\/p>\n<br>\n<p align=\"justify\">You will not be asked to provide any personally identifying information. Your answers will be used only for research purposes and in ways that will not reveal who you are. The results will be reported in aggregate form only, and cannot be identified individually. Any information that could identify you will be removed before data is shared with other researchers or results are made public. By participating in this study, you consent to the data being used for this purpose.<\/p>\n<br>\n<p align=\"justify\">Your participation in this research is entirely voluntary and you have the right to withdraw consent at any time by closing your browser. The goal of this study is to assess how people make decisions. You receive a <b>guaranteed payment<\/b> of 1.00\u00a3 for participating in the study. Further, you can earn extra money as a bonus. Your <b>bonus payment<\/b> depends on your decisions. The study is expected to take 10 minutes.<\/p>\n<br>\n<p align=\"justify\">If you have questions, you can contact the researcher via email at the following address: k.ioannidis@uva.nl.<\/p>"}},{"SurveyID":"SV_8iFBZUaCNJjqRL0","Element":"SQ","PrimaryAttribute":"QID24","SecondaryAttribute":"What is your Prolific ID?Please note that this response should auto-fill with the correct ID.","TertiaryAttribute":null,"Payload":{"QuestionText":"What is your Prolific ID?<br>\n<i>Please note that this response should auto-fill with the correct ID.<\/i>","DefaultChoices":{"TEXT":{"Text":"${e:\/\/Field\/PROLIFIC_PID}"}},"DataExportTag":"Q5","QuestionType":"TE","Selector":"SL","Configuration":{"QuestionDescriptionOption":"UseText"},"QuestionDescription":"What is your Prolific ID?Please note that this response should auto-fill with the correct ID.","Validation":{"Settings":{"ForceResponse":"ON","ForceResponseType":"ON","Type":"None","MinChars":"1"}},"GradingData":[],"Language":[],"NextChoiceId":4,"NextAnswerId":1,"SearchSource":{"AllowFreeResponse":"false"},"QuestionID":"QID24","QuestionText_Unsafe":"Please enter your Prolific ID:","DataVisibility":{"Private":false,"Hidden":false}}},{"SurveyID":"SV_8iFBZUaCNJjqRL0","Element":"SQ","PrimaryAttribute":"QID55","SecondaryAttribute":"Your bonus payment will be determined by your decision on this task. Your task is to indicate whe...","TertiaryAttribute":null,"Payload":{"QuestionText":"<p align=\"justify\">Your bonus payment <b>will<\/b> be determined by your decision on this task.<\/p>\n<br>\n<p align=\"justify\">\nYour task is to indicate whether you would prefer to keep the lottery or to sell the lottery for each price below. One of those prices will randomly be drawn and your decision on whether to keep or sell the lottery for that price will determine your bonus payment.<\/p>\nWe remind you that: \n<ul>\n  <li>if you keep the lottery, the computer will implement it and your <b>bonus payment<\/b> will be the amount corresponding to the lottery outcome.<\/li>\n  <li>if you sell the lottery, your <b>bonus payment<\/b> will be the price you sold it for and the lottery will not be implemented.<\/li>\n<\/ul>\n<p align=\"justify\">\nTo make the decision easier for you, we provide you with the slider below. Once you decide the minimum price at which you are willing to sell the lottery, please move the slider to that price. When you do that, the system will autocomplete all the choices for you so that you keep the lottery for all prices lower than your selected price, and that you sell the lottery for all prices higher than your selected price.<\/p>\n<br>\nPlease select the minimum price at which you are willing to sell the lottery.<br><br>\n<form oninput=\"store_wta()\">\n  \u00a30.00 <input type=\"range\" id=\"wta\" name=\"wta\" min=\"0.0\" max=\"3.0\" value=\"0\" step=\"0.01\" style=\"width:70%\"> \u00a33.00\n  <br><br>\n<p id=\"output\"><\/p>\n<\/form>","QuestionJS":"var wta = 0.0;\n\nQualtrics.SurveyEngine.addOnload(\n\t\nfunction tableStart() {\n\t\t\n\tdocument.getElementById(\"output\").innerHTML = \"You have not selected the minimum price yet.\";\n\n\tconst price = [\"0.00\", \"0.10\", \"0.20\", \"0.30\", \"0.40\", \"0.50\", \"0.60\", \"0.70\", \"0.80\", \"0.90\", \"1.00\", \"1.10\", \"1.20\", \"1.30\", \"1.40\", \"1.50\", \"1.60\", \"1.70\", \"1.80\", \"1.90\", \"2.00\", \"2.10\", \"2.20\", \"2.30\", \"2.40\", \"2.50\", \"2.60\", \"2.70\", \"2.80\", \"2.90\", \"3.00\"];\n\tconst play = [\"\", \"\", \"\", \"\", \"\", \"\", \"\", \"\", \"\", \"\", \"\", \"\", \"\", \"\", \"\", \"\", \"\", \"\", \"\", \"\", \"\", \"\", \"\", \"\", \"\", \"\", \"\", \"\", \"\", \"\", \"\"];\n\tconst sell = [\"\", \"\", \"\", \"\", \"\", \"\", \"\", \"\", \"\", \"\", \"\", \"\", \"\", \"\", \"\", \"\", \"\", \"\", \"\", \"\", \"\", \"\", \"\", \"\", \"\", \"\", \"\", \"\", \"\", \"\", \"\"];\n\n\tfor (var i = 0; i < play.length; i++){\n\t\tplay[i] = \"<center> Play the lottery <br> <center> &#9675;\";\n\t}\n\n\tfor (var i = 0; i < sell.length; i++){\n\t\tsell[i] = \"<center> Sell the lottery <br> <center> &#9675;\";\n\t}\n\n\n\tvar t = \"<br><br><table style=\\\"width:70%; font-size:60%\\\">\"\n\n\tfor (var i = 0; i < sell.length; i++){\n\t\t  tr = \"<tr>\";\n\t\t  tr += \"<td style=\\\"width:30%\\\"> For a price of &#163;\"+price[i]+\"<br><br><\/td>\";\n\t\t  tr += \"<td style=\\\"width:30%\\\">\"+play[i]+\"<\/td>\";\n\t\t  tr += \"<td style=\\\"width:30%\\\">\"+sell[i]+\"<\/td>\";\n\t\t  tr += \"<\/tr>\";\n\t\t  t += tr;\n\t}\n\n\tt += \"<\/table>\"\n\n\tdocument.getElementById(\"output\").innerHTML += t;\n\n});\n\nQualtrics.SurveyEngine.addOnReady(function()\n{\n\n});\n\nQualtrics.SurveyEngine.addOnUnload(function()\n{\n\t\/*Place your JavaScript here to run when the page is unloaded*\/\n\n});\n\nfunction store_wta() {\n  wta = parseFloat(document.getElementById(\"wta\").value);\n\t\n  document.getElementById(\"output\").innerHTML = \"The minimum price that I am willing to sell the lottery is &#163;\" + wta.toFixed(2);\n\n\tconst price = [\"0.00\",\"0.10\", \"0.20\", \"0.30\", \"0.40\", \"0.50\", \"0.60\", \"0.70\", \"0.80\", \"0.90\", \"1.00\", \"1.10\", \"1.20\", \"1.30\", \"1.40\", \"1.50\", \"1.60\", \"1.70\", \"1.80\", \"1.90\", \"2.00\", \"2.10\", \"2.20\", \"2.30\", \"2.40\", \"2.50\", \"2.60\", \"2.70\", \"2.80\", \"2.90\", \"3.00\"];\n\tconst play = [\"\", \"\", \"\", \"\", \"\", \"\", \"\", \"\", \"\", \"\", \"\", \"\", \"\", \"\", \"\", \"\", \"\", \"\", \"\", \"\", \"\", \"\", \"\", \"\", \"\", \"\", \"\", \"\", \"\", \"\", \"\"];\n\tconst sell = [\"\", \"\", \"\", \"\", \"\", \"\", \"\", \"\", \"\", \"\", \"\", \"\", \"\", \"\", \"\", \"\", \"\", \"\", \"\", \"\", \"\", \"\", \"\", \"\", \"\", \"\", \"\", \"\", \"\", \"\", \"\"];\n\n\/\/wta_norm= (wta*30);\nwta_norm=(Math.ceil(wta*10));\n\n\nfor (var i = 0; i < wta_norm; i++){\n play[i] = \"<center> Play the lottery <br> <center> &#10687;\";\n}\n\nfor (var i = wta_norm; i < play.length; i++){\n play[i] = \"<center> Play the lottery <br> <center> &#9675;\";\n}\n\nfor (var i = wta_norm; i < play.length; i++){\n sell[i] = \"<center> Sell the lottery <br> <center> &#10687;\";\n}\n\nfor (var i = 0; i < wta_norm; i++){\n sell[i] = \"<center> Sell the lottery <br> <center> &#9675;\";\n}\n\n\nvar t = \"<br><br><table style=\\\"width:70%; font-size:60%\\\">\"\n\nfor (var i = 0; i < sell.length; i++){\n      tr = \"<tr>\";\n      tr += \"<td width=\\\"30%\\\"> For a price of &#163;\"+price[i]+\"<br><br><\/td>\";\n      tr += \"<td width=\\\"30%\\\">\"+play[i]+\"<\/td>\";\n      tr += \"<td width=\\\"30%\\\">\"+sell[i]+\"<\/td>\";\n      tr += \"<\/tr>\";\n      t += tr;\n}\n\nt += \"<\/table>\"\n\ndocument.getElementById(\"output\").innerHTML += t;\n\n}\n\nQualtrics.SurveyEngine.addOnPageSubmit(function()\n{\n\t\/\/ alert(\"Hi!\");\n\t\n\tQualtrics.SurveyEngine.setEmbeddedData( 'wta', parseFloat(wta));\n\t\n\t\/\/ alert(wta);\n\t\/\/ alert(\"In QT the decision is !\", wta);\n\n\n\tvar draw = \"${e:\/\/Field\/lottery_draw}\";\t\n\t\/\/ alert(draw);\n\tvar outcome = 0;\n\tif (draw  < 21) {\n\t\toutcome = 0.15;\n\t}\n\telse if (draw < 71) {\n\t\toutcome = 1.23;\n\t}\n\telse \n\t\toutcome = 2.88;\n\t\n\tQualtrics.SurveyEngine.setEmbeddedData( 'lottery_outcome', outcome);\n\t\n\tvar price = \"${e:\/\/Field\/price}\";\n\tprice = Math.round(price*100)\/100\n\tvar anchor = \"${e:\/\/Field\/anchor}\";\n\tanchor = Math.round(anchor*100)\/100\n\tvar fee = \"${e:\/\/Field\/participation_fee}\";\n\tvar bonus = 0;\n\tif (wta <= price) {\n\t\tbonus = price;\n\t\tQualtrics.SurveyEngine.setEmbeddedData( 'sell', 1);\n\t} else {\n\t\tbonus = outcome;\t\n\t}\n\tbonus = Math.round(bonus*100)\/100\n\t\n\tvar payment = parseFloat(fee) + parseFloat(bonus);\n\tpayment = Math.round(payment*100)\/100\n\n\tQualtrics.SurveyEngine.setEmbeddedData( 'payment_bonus', bonus);\n\tQualtrics.SurveyEngine.setEmbeddedData( 'payment_total', payment);\n\tQualtrics.SurveyEngine.setEmbeddedData( 'price', price);\n\tQualtrics.SurveyEngine.setEmbeddedData( 'anchor', anchor);                          \n});","DefaultChoices":false,"DataExportTag":"Q17","QuestionID":"QID55","QuestionType":"DB","Selector":"TB","DataVisibility":{"Private":false,"Hidden":false},"Configuration":{"QuestionDescriptionOption":"UseText","NumColumns":2,"TextPosition":"inline"},"QuestionDescription":"Your bonus payment will be determined by your decision on this task. Your task is to indicate whe...","ChoiceOrder":[],"Validation":{"Settings":{"Type":"None"}},"GradingData":[],"Language":[],"NextChoiceId":45,"NextAnswerId":29}}]}