{"SurveyEntry":{"SurveyID":"SV_e9SPFq9EnAapXcG","SurveyName":"RT_ID_ZKI49 (NC)","SurveyDescription":null,"SurveyOwnerID":"UR_2i1SxBg9HB4qwey","SurveyBrandID":"uva","DivisionID":"DV_88IhMUzQMqdpMXz","SurveyLanguage":"EN","SurveyActiveResponseSet":"RS_8G39Mx2Uzi9Wmz4","SurveyStatus":"Inactive","SurveyStartDate":"0000-00-00 00:00:00","SurveyExpirationDate":"0000-00-00 00:00:00","SurveyCreationDate":"2021-08-22 02:49:54","CreatorID":"UR_2i1SxBg9HB4qwey","LastModified":"2023-04-03 05:04:49","LastAccessed":"0000-00-00 00:00:00","LastActivated":"2021-08-22 02:50:24","Deleted":null},"SurveyElements":[{"SurveyID":"SV_e9SPFq9EnAapXcG","Element":"BL","PrimaryAttribute":"Survey Blocks","SecondaryAttribute":null,"TertiaryAttribute":null,"Payload":{"1":{"Type":"Trash","Description":"Trash \/ Unused Questions","ID":"BL_e3d6LhOMFdLlYdo","BlockElements":[{"Type":"Question","QuestionID":"QID8"},{"Type":"Question","QuestionID":"QID5"},{"Type":"Question","QuestionID":"QID6"},{"Type":"Question","QuestionID":"QID7"},{"Type":"Question","QuestionID":"QID10"},{"Type":"Question","QuestionID":"QID24"}],"Options":{"BlockLocking":"false","RandomizeQuestions":"false","BlockVisibility":"Expanded"}},"2":{"Type":"Standard","SubType":"","Description":"Matrix task","ID":"BL_1KQrQh8Rjor9V2e","BlockElements":[{"Type":"Question","QuestionID":"QID2"},{"Type":"Question","QuestionID":"QID3"}],"Options":{"BlockLocking":"false","RandomizeQuestions":"false","BlockVisibility":"Expanded"}},"3":{"Type":"Standard","SubType":"","Description":"Matrix description","ID":"BL_9zWqZNzAmL9RSbc","BlockElements":[{"Type":"Question","QuestionID":"QID4"},{"Type":"Page Break"},{"Type":"Question","QuestionID":"QID20"}],"Options":{"BlockLocking":"false","RandomizeQuestions":"false","BlockVisibility":"Expanded"}},"7":{"Type":"Standard","SubType":"","Description":"Die roll task","ID":"BL_eVD0uLj6FY3ZnYG","BlockElements":[{"Type":"Question","QuestionID":"QID23"},{"Type":"Page Break"},{"Type":"Question","QuestionID":"QID9"},{"Type":"Question","QuestionID":"QID11"}],"Options":{"BlockLocking":"false","RandomizeQuestions":"false","BlockVisibility":"Expanded"}},"8":{"Type":"Standard","SubType":"","Description":"Demographics","ID":"BL_8wQ81afa6HzbpUG","BlockElements":[{"Type":"Question","QuestionID":"QID21"},{"Type":"Question","QuestionID":"QID12"},{"Type":"Question","QuestionID":"QID13"},{"Type":"Question","QuestionID":"QID14"},{"Type":"Question","QuestionID":"QID15"},{"Type":"Question","QuestionID":"QID16"}],"Options":{"BlockLocking":"false","RandomizeQuestions":"false","BlockVisibility":"Expanded"}},"9":{"Type":"Standard","SubType":"","Description":"Belief elicitation","ID":"BL_a44Myy1QWNzfQtE","BlockElements":[{"Type":"Question","QuestionID":"QID19"}],"Options":{"BlockLocking":"false","RandomizeQuestions":"false","BlockVisibility":"Expanded"}},"10":{"Type":"Standard","SubType":"","Description":"Payment","ID":"BL_24VZ0LQQwCeawfA","BlockElements":[{"Type":"Question","QuestionID":"QID22"}],"Options":{"BlockLocking":"false","RandomizeQuestions":"false","BlockVisibility":"Expanded"}},"11":{"Type":"Standard","SubType":"","Description":"Prolific ID","ID":"BL_d10HWeQX4Yablae","BlockElements":[{"Type":"Question","QuestionID":"QID26"},{"Type":"Question","QuestionID":"QID25"}]}}},{"SurveyID":"SV_e9SPFq9EnAapXcG","Element":"FL","PrimaryAttribute":"Survey Flow","SecondaryAttribute":null,"TertiaryAttribute":null,"Payload":{"Type":"Root","FlowID":"FL_1","Flow":[{"Type":"EmbeddedData","FlowID":"FL_6","EmbeddedData":[{"Description":"correct","Type":"Recipient","Field":"correct","VariableType":"Scale","DataVisibility":[]},{"Description":"wrong","Type":"Recipient","Field":"wrong","VariableType":"Scale","DataVisibility":[]},{"Description":"treatment","Type":"Custom","Field":"treatment","VariableType":"String","DataVisibility":[],"AnalyzeText":false,"Value":"No_competition"}]},{"Type":"BlockRandomizer","FlowID":"FL_12","SubSet":4,"EvenPresentation":true,"Flow":[{"Type":"EmbeddedData","FlowID":"FL_13","EmbeddedData":[{"Description":"piece_rate","Type":"Custom","Field":"piece_rate","VariableType":"Scale","DataVisibility":[],"Value":"0.05"}]},{"Type":"EmbeddedData","FlowID":"FL_18","EmbeddedData":[{"Description":"piece_rate","Type":"Custom","Field":"piece_rate","VariableType":"Scale","DataVisibility":[],"Value":"0.05"}]},{"Type":"EmbeddedData","FlowID":"FL_17","EmbeddedData":[{"Description":"piece_rate","Type":"Custom","Field":"piece_rate","VariableType":"Scale","DataVisibility":[],"Value":"0.05"}]},{"Type":"EmbeddedData","FlowID":"FL_14","EmbeddedData":[{"Description":"piece_rate","Type":"Custom","Field":"piece_rate","VariableType":"Scale","DataVisibility":[],"Value":"0.20"}]}]},{"Type":"Standard","ID":"BL_d10HWeQX4Yablae","FlowID":"FL_20","Autofill":[]},{"Type":"Standard","ID":"BL_9zWqZNzAmL9RSbc","FlowID":"FL_5","Autofill":[]},{"Type":"Standard","ID":"BL_1KQrQh8Rjor9V2e","FlowID":"FL_4","Autofill":[]},{"Type":"Standard","ID":"BL_a44Myy1QWNzfQtE","FlowID":"FL_16","Autofill":[]},{"Type":"Standard","ID":"BL_eVD0uLj6FY3ZnYG","FlowID":"FL_11","Autofill":[]},{"Type":"Standard","ID":"BL_8wQ81afa6HzbpUG","FlowID":"FL_15","Autofill":[]},{"Type":"Standard","ID":"BL_24VZ0LQQwCeawfA","FlowID":"FL_19","Autofill":[]}],"Properties":{"Count":20,"RemovedFieldsets":[]}}},{"SurveyID":"SV_e9SPFq9EnAapXcG","Element":"PL","PrimaryAttribute":"Preview Link","SecondaryAttribute":null,"TertiaryAttribute":null,"Payload":{"PreviewType":"Brand","PreviewID":"3254244b-ffa4-43a9-95a6-9b675efde2a6"}},{"SurveyID":"SV_e9SPFq9EnAapXcG","Element":"RS","PrimaryAttribute":"RS_8G39Mx2Uzi9Wmz4","SecondaryAttribute":null,"TertiaryAttribute":null,"Payload":null},{"SurveyID":"SV_e9SPFq9EnAapXcG","Element":"SO","PrimaryAttribute":"Survey Options","SecondaryAttribute":null,"TertiaryAttribute":null,"Payload":{"BackButton":"false","SaveAndContinue":"true","SurveyProtection":"PublicSurvey","BallotBoxStuffingPrevention":"false","NoIndex":"Yes","SecureResponseFiles":"true","SurveyExpiration":"None","SurveyTermination":"Redirect","Header":"","Footer":"","ProgressBarDisplay":"None","PartialData":"+1 week","ValidationMessage":null,"PreviousButton":"  <<  ","NextButton":"  >>  ","SurveyTitle":"Qualtrics Survey | Qualtrics Experience Management","SkinLibrary":"uva","SkinType":"templated","Skin":{"brandingId":"3067498872","templateId":"*base","overrides":null},"NewScoring":1,"libraryId":"","nextButtonMid":"","previousButtonMid":"","headerMid":"","footerMid":"","QuestionsPerPage":"","PageTransition":"Fade","Autofocus":"false","Autoadvance":"false","AutoadvancePages":"false","ExternalCSS":null,"CustomStyles":{"errorStyles":{"selector":".Skin .ValidationError","styles":{"color":null,"backgroundColor":null,"borderColor":null}},"errorStylesBG":{"selector":".Skin .HeaderValidationError, .Skin .HeaderValidationError li a","styles":{"color":null,"backgroundColor":null}},"pageStyles":{"selector":"#SurveyEngineBody","styles":{"backgroundColor":null}},"textStyles":{"selector":".SkinInner","styles":{"fontFamily":null,"fontSize":null,"fontWeight":null,"fontStyle":null,"textDecoration":null,"color":null}},"questionStyles":{"selector":".Skin .QuestionText","styles":{"fontFamily":null,"fontSize":null,"fontWeight":null,"fontStyle":null,"textDecoration":null,"color":null}},"choiceStyles":{"selector":".Skin .horizontalbar th.ylabel, .Skin .Matrix table td, .Skin .Matrix table th, .Skin .Matrix table thead th, .Skin .Matrix table thead td, .Skin .PGR .DragAndDrop .Items label, .Skin .QuestionBody ul.ChoiceStructure, .Skin .PGR .DragAndDrop .Group ul, .Skin .PGR .DragAndDrop .Group h2, .Skin .PGR .DragAndDrop .Items ul, .Skin .PGR .DragAndDrop .Items h2, .Skin .DD .QuestionBody table.ChoiceStructure, .Skin .PGR .DragAndDrop .NoColumns td.groupsContainerTd div ul, .Skin .PGR .DragAndDrop .NoColumns td.groupsContainerTd div h2, .Skin .SBS thead th, .Skin .SBS td, .Skin .SBS .Answers td, .Skin .SBS .Answers th, .SBS table.ChoiceStructure, .Skin .horizontalbar thead table.LabelDescriptions tr td, .Skin .horizontalbar thead tr td.NotApplicable, .QuestionBody th, .Skin .QuestionBody .MC .MAVR label, .Skin .QuestionBody .MC .SAVR label, .Skin .SBS thead th, .Skin .SBS td, .Skin .RO .DND ul li, .Skin .reg, .SkinInner .ChoiceStructure, .Skin thead, .Skin .GAP .ChoiceStructure thead th, .Skin .GAP .ChoiceStructure .c4, .Skin .GAP .ChoiceStructure th, .Skin .GAP .ChoiceStructure .WhyText, .SkinInner .ChoiceStructure .LightBG, .Skin .QuestionOuter.Highlight .Inner .reg, .Skin .QuestionOuter.Highlight .Inner .alt, .Skin .QuestionOuter.Highlight .Inner .ReadableAlt       ","styles":{"fontFamily":null,"fontSize":null,"fontWeight":null,"fontStyle":null,"textDecoration":null,"color":null}},"headerStyles":{"selector":".Skin div#Header","styles":{"color":null}},"footerStyles":{"selector":".Skin #Footer","styles":{"color":null}},"questionSeparatorStyles":{"selector":".Skin .Separator","styles":{"backgroundColor":null,"display":null}},"highlightStyles":{"selector":".Skin .QuestionOuter.Highlight .Inner, .Skin .QuestionOuter.Highlight .Inner .reg, .Skin .QuestionOuter.Highlight .Inner .alt, .Skin .QuestionOuter.Highlight .Inner .ReadableAlt","styles":{"backgroundColor":null}},"highlightStylesAlt":{"selector":".Skin .QuestionOuter.Highlight .Inner .ReadableAlt, .Skin .QuestionOuter.Highlight .Inner .LightBG","styles":{"backgroundColor":null}},"textEntryStyles":{"selector":".Skin select, .Skin .InputText","styles":{"color":null}},"borderStyles":{"selector":".Skin .CS .horizontalbar table.sliderGrid tr.xlabel th, .Skin .CS .horizontalbar .ylabel, .Skin .CS .horizontalbar table.sliderGrid tr td.value, .Skin .Slider .horizontalbar table.sliderGrid tr.xlabel th, .Skin .BorderColor, .Skin .DarkBorderColor, .Skin .Slider .horizontalbar table.sliderGrid tr td.value, .Skin thead, .Skin .GAP .ChoiceStructure thead th  ","styles":{"borderColor":null}},"altRowStyles":{"selector":".Skin .ReadableAlt, .Skin .LightBG","styles":{"backgroundColor":null}},"customCSS":".dice {\n  align-items: center;\n  display: grid;\n  grid-gap: 2rem;\n  grid-template-columns: repeat(auto-fit, minmax(8rem, 1fr));\n  grid-template-rows: auto;\n  justify-items: center;\n  padding: 2rem;\n  perspective: 600px;\n}\n.die-list {\n  display: grid;\n  grid-template-columns: 1fr;\n  grid-template-rows: 1fr;\n  height: 6rem;\n  list-style-type: none;\n  transform-style: preserve-3d;\n  width: 6rem;\n}\n.even-roll {\n  transition: transform 1.5s ease-out;\n}\n.odd-roll {\n  transition: transform 1.25s ease-out;\n}\n.die-item {\n  background-color: #fefefe;\n  box-shadow: inset -0.35rem 0.35rem 0.75rem rgba(0, 0, 0, 0.3),\n    inset 0.5rem -0.25rem 0.5rem rgba(0, 0, 0, 0.15);\n  display: grid;\n  grid-column: 1;\n  grid-row: 1;\n  grid-template-areas:\n    \"one two three\"\n    \"four five six\"\n    \"seven eight nine\";\n  grid-template-columns: repeat(3, 1fr);\n  grid-template-rows: repeat(3, 1fr);\n  height: 100%;\n  padding: 1rem;\n  width: 100%;\n}\n.dot {\n  align-self: center;\n  background-color: #676767;\n  border-radius: 50%;\n  box-shadow: inset -0.15rem 0.15rem 0.25rem rgba(0, 0, 0, 0.5);\n  display: block;\n  height: 2rem;\n  justify-self: center;\n  width: 2rem;\n}\n.even-roll[data-roll=\"1\"] {\n  transform: rotateX(360deg) rotateY(720deg) rotateZ(360deg);\n}\n.even-roll[data-roll=\"2\"] {\n  transform: rotateX(450deg) rotateY(720deg) rotateZ(360deg);\n}\n.even-roll[data-roll=\"3\"] {\n  transform: rotateX(360deg) rotateY(630deg) rotateZ(360deg);\n}\n.even-roll[data-roll=\"4\"] {\n  transform: rotateX(360deg) rotateY(810deg) rotateZ(360deg);\n}\n.even-roll[data-roll=\"5\"] {\n  transform: rotateX(270deg) rotateY(720deg) rotateZ(360deg);\n}\n.even-roll[data-roll=\"6\"] {\n  transform: rotateX(360deg) rotateY(900deg) rotateZ(360deg);\n}\n.odd-roll[data-roll=\"1\"] {\n  transform: rotateX(-360deg) rotateY(-720deg) rotateZ(-360deg);\n}\n.odd-roll[data-roll=\"2\"] {\n  transform: rotateX(-270deg) rotateY(-720deg) rotateZ(-360deg);\n}\n.odd-roll[data-roll=\"3\"] {\n  transform: rotateX(-360deg) rotateY(-810deg) rotateZ(-360deg);\n}\n.odd-roll[data-roll=\"4\"] {\n  transform: rotateX(-360deg) rotateY(-630deg) rotateZ(-360deg);\n}\n.odd-roll[data-roll=\"5\"] {\n  transform: rotateX(-450deg) rotateY(-720deg) rotateZ(-360deg);\n}\n.odd-roll[data-roll=\"6\"] {\n  transform: rotateX(-360deg) rotateY(-900deg) rotateZ(-360deg);\n}\n[data-side=\"1\"] {\n  transform: rotate3d(0, 0, 0, 90deg) translateZ(4rem);\n}\n[data-side=\"2\"] {\n  transform: rotate3d(-1, 0, 0, 90deg) translateZ(4rem);\n}\n[data-side=\"3\"] {\n  transform: rotate3d(0, 1, 0, 90deg) translateZ(4rem);\n}\n[data-side=\"4\"] {\n  transform: rotate3d(0, -1, 0, 90deg) translateZ(4rem);\n}\n[data-side=\"5\"] {\n  transform: rotate3d(1, 0, 0, 90deg) translateZ(4rem);\n}\n[data-side=\"6\"] {\n  transform: rotate3d(1, 0, 0, 180deg) translateZ(4rem);\n}\n[data-side=\"1\"] .dot:nth-of-type(1) {\n  grid-area: five;\n}\n[data-side=\"2\"] .dot:nth-of-type(1) {\n  grid-area: one;\n}\n[data-side=\"2\"] .dot:nth-of-type(2) {\n  grid-area: nine;\n}\n[data-side=\"3\"] .dot:nth-of-type(1) {\n  grid-area: one;\n}\n[data-side=\"3\"] .dot:nth-of-type(2) {\n  grid-area: five;\n}\n[data-side=\"3\"] .dot:nth-of-type(3) {\n  grid-area: nine;\n}\n[data-side=\"4\"] .dot:nth-of-type(1) {\n  grid-area: one;\n}\n[data-side=\"4\"] .dot:nth-of-type(2) {\n  grid-area: three;\n}\n[data-side=\"4\"] .dot:nth-of-type(3) {\n  grid-area: seven;\n}\n[data-side=\"4\"] .dot:nth-of-type(4) {\n  grid-area: nine;\n}\n[data-side=\"5\"] .dot:nth-of-type(1) {\n  grid-area: one;\n}\n[data-side=\"5\"] .dot:nth-of-type(2) {\n  grid-area: three;\n}\n[data-side=\"5\"] .dot:nth-of-type(3) {\n  grid-area: five;\n}\n[data-side=\"5\"] .dot:nth-of-type(4) {\n  grid-area: seven;\n}\n[data-side=\"5\"] .dot:nth-of-type(5) {\n  grid-area: nine;\n}\n[data-side=\"6\"] .dot:nth-of-type(1) {\n  grid-area: one;\n}\n[data-side=\"6\"] .dot:nth-of-type(2) {\n  grid-area: three;\n}\n[data-side=\"6\"] .dot:nth-of-type(3) {\n  grid-area: four;\n}\n[data-side=\"6\"] .dot:nth-of-type(4) {\n  grid-area: six;\n}\n[data-side=\"6\"] .dot:nth-of-type(5) {\n  grid-area: seven;\n}\n[data-side=\"6\"] .dot:nth-of-type(6) {\n  grid-area: nine;\n}\n\nbutton {\n  align-self: center;\n  background-color: #efefef;\n  border: none;\n  color: #333;\n  font-size: 1.25rem;\n  font-weight: 700;\n  justify-self: center;\n  padding: 0.5rem 1rem;\n}\nbutton:hover {\n  cursor: pointer;\n}\n\n@media (min-width: 900px) {\n  .dice {\n    perspective: 1300px;\n  }\n}\n\n\ntable {\n  width: 45% ;\n  margin: 10px;\n}\ntd {\n  width: 10% ;\n  height: 10% ;\n  text-align: center;\t\n}\n\n.left, .right {display:inline-block;!important;}"},"HighlightQuestions":"off","EOSMessage":null,"ShowExportTags":"false","CollectGeoLocation":"false","SurveyMetaDescription":"The most powerful, simple and trusted way to gather experience data. Start your journey to experience management and try a free account today.","PasswordProtection":"No","AnonymizeResponse":"No","RefererCheck":"No","BallotBoxStuffingPreventionBehavior":null,"BallotBoxStuffingPreventionMessage":null,"BallotBoxStuffingPreventionMessageLibrary":null,"BallotBoxStuffingPreventionURL":null,"RecaptchaV3":"false","ConfirmStart":false,"AutoConfirmStart":false,"UseCustomSurveyLinkCompletedMessage":null,"SurveyLinkCompletedMessage":null,"SurveyLinkCompletedMessageLibrary":null,"ResponseSummary":"No","EOSMessageLibrary":null,"EOSRedirectURL":"https:\/\/app.prolific.co\/submissions\/complete?cc=572FB13C","EmailThankYou":"false","ThankYouEmailMessageLibrary":null,"ThankYouEmailMessage":null,"ValidateMessage":"false","ValidationMessageLibrary":null,"InactiveSurvey":null,"PartialDeletion":null,"PartialDataCloseAfter":"LastActivity","InactiveMessageLibrary":null,"InactiveMessage":null,"AvailableLanguages":{"EN":[]},"ProtectSelectionIds":true,"SurveyName":"RT_ID_ZKI49 (NC)"}},{"SurveyID":"SV_e9SPFq9EnAapXcG","Element":"SCO","PrimaryAttribute":"Scoring","SecondaryAttribute":null,"TertiaryAttribute":null,"Payload":{"ScoringCategories":[],"ScoringCategoryGroups":[],"ScoringSummaryCategory":null,"ScoringSummaryAfterQuestions":0,"ScoringSummaryAfterSurvey":0,"DefaultScoringCategory":null,"AutoScoringCategory":null}},{"SurveyID":"SV_e9SPFq9EnAapXcG","Element":"PROJ","PrimaryAttribute":"CORE","SecondaryAttribute":null,"TertiaryAttribute":"1.1.0","Payload":{"ProjectCategory":"CORE","SchemaVersion":"1.1.0"}},{"SurveyID":"SV_e9SPFq9EnAapXcG","Element":"STAT","PrimaryAttribute":"Survey Statistics","SecondaryAttribute":null,"TertiaryAttribute":null,"Payload":{"MobileCompatible":true,"ID":"Survey Statistics"}},{"SurveyID":"SV_e9SPFq9EnAapXcG","Element":"QC","PrimaryAttribute":"Survey Question Count","SecondaryAttribute":"26","TertiaryAttribute":null,"Payload":null},{"SurveyID":"SV_e9SPFq9EnAapXcG","Element":"SQ","PrimaryAttribute":"QID7","SecondaryAttribute":"Are you happy to continue?","TertiaryAttribute":null,"Payload":{"QuestionText":"Are you happy to continue?","DefaultChoices":false,"DataExportTag":"consent","QuestionType":"MC","Selector":"SAVR","SubSelector":"TX","Configuration":{"QuestionDescriptionOption":"UseText"},"QuestionDescription":"Are you happy to continue?","Choices":{"1":{"Display":"Continue with the study"},"2":{"Display":"Stop without completing"}},"ChoiceOrder":[1,2],"Validation":{"Settings":{"ForceResponse":"ON","ForceResponseType":"ON","Type":"None"}},"GradingData":[],"Language":[],"NextChoiceId":3,"NextAnswerId":1,"QuestionID":"QID7"}},{"SurveyID":"SV_e9SPFq9EnAapXcG","Element":"SQ","PrimaryAttribute":"QID3","SecondaryAttribute":"Correct:0, Wrong:0 \u00a0 \u00a0 \u00a0 \u00a0","TertiaryAttribute":null,"Payload":{"QuestionText":"<p id=\"result\">Correct:0, Wrong:0<\/p>\n\n<p><br \/>\n&nbsp;<\/p>\n\n<p class=\"left\" id=\"left\">&nbsp;<\/p>\n\n<p class=\"right\" id=\"right\">&nbsp;<\/p>\n\n<p><br \/>\n&nbsp;<\/p>\n<input id=\"input_box\" type=\"text\" value=\"\" \/> <input id=\"NextButton\" name=\"NextButton\" title=\"Next\" type=\"submit\" value=\"Next\" \/>","DefaultChoices":false,"DataExportTag":"matrix","QuestionType":"DB","Selector":"TB","Configuration":{"QuestionDescriptionOption":"UseText"},"QuestionDescription":"Correct:0, Wrong:0 \u00a0 \u00a0 \u00a0 \u00a0","ChoiceOrder":[],"Validation":{"Settings":{"Type":"None"}},"GradingData":[],"Language":[],"NextChoiceId":4,"NextAnswerId":1,"QuestionID":"QID3","QuestionJS":"var top_left = 0;\nvar top_right = 0;\nvar sum = 0;\nvar correct = 0;\nvar wrong = 0;\nvar round = 1;\n\n\nQualtrics.SurveyEngine.addOnload(function()\n{\n\n});\n\nQualtrics.SurveyEngine.addOnReady(function()\n{\n    jQuery('#NextButton').on('click', function(){\n\t\t\n\t\tround +=1;\n\t\n        \/\/that.clickNextButton();\n\t\t\n\t\t\/\/var questionId = this.questionId;\n\n\t\t\/\/alert('Question is: QR~' + questionId);\n\t\n\t\t\/\/var responseTextField = document.getElementById('QR~' + questionId);\n\t\tvar currentResponse = document.getElementById(\"input_box\").value;\n\n\t\t\/\/alert(currentResponse);\n\t\n\t\tif(currentResponse == sum){\n\t\t\t\/\/alert(\"Correct\");\n\t\t\tcorrect +=1;\n\t\t\t\n\t\t} else {\n\t\t\t\/\/alert(\"Wrong\");\n\t\t    wrong +=1;\t\n\t\t}\n\t\t\n\t\t\/\/var round_text = \"Round \" + round;\n\t\tvar result_text = \"Correct:\" + correct + \", Wrong:\" + wrong;\n\t\t\/\/document.getElementById(\"round\").innerHTML = round_text;\n\t\tdocument.getElementById(\"result\").innerHTML = result_text;\n\t\tdocument.getElementById('input_box').value = \"\";\n\t\t\n\t\ttop_left = createMatrix(\"left\", \"top_left\");\n\t\ttop_right = createMatrix(\"right\", \"top_right\");\n\t\tsum = top_left + top_right;\n\t\t\n\t\t\/\/alert(\"Done\");\n    })\n\t\n\t\n\t\/\/alert(\"Ready\");\n\t\/*Place your JavaScript here to run when the page loads*\/\n\ttop_left = createMatrix(\"left\", \"top_left\");\n\ttop_right = createMatrix(\"right\", \"top_right\");\n\tsum = top_left + top_right;\n\n\n});\n\nQualtrics.SurveyEngine.addOnUnload(function()\n{\n\t\/*Place your JavaScript here to run when the page is unloaded*\/\n\n});\n\nfunction getRandomInt(min, max) {\n  min = Math.ceil(min);\n  max = Math.floor(max);\n  return Math.floor(Math.random() * (max - min + 1) + min);\n}\n\nfunction createMatrix(name, top_name) {\n\tvar top = getRandomInt(50,100);\n\tvar top_number = 0;\n\t\n\tvar result = \"<table border=1>\";\n  \tresult += \"<tr>\"\n\n    for(var i=0; i<10; i++) {\n        for(var j=0; j<10; j++){\n\t\t\tvar num = getRandomInt(0,top)\n\t\t\tif(num>top_number) {top_number = num;}\n            result +=\n            \" <td> \"  + num + \" <\/td>\";\n        }\n        result += \"<\/tr>\";\n    }\n    result += \"<\/table>\";\n\tdocument.getElementById(name).innerHTML = result;\n\t\/\/document.getElementById(top_name).innerHTML = top_number;\n\treturn top_number;\n\t\n}\n\nQualtrics.SurveyEngine.addOnPageSubmit(function()\n{\n\n\t\/\/alert(\"Correct:\" + correct + \", Wrong:\" + wrong);\n\tQualtrics.SurveyEngine.setEmbeddedData( 'correct', correct);\n\tQualtrics.SurveyEngine.setEmbeddedData( 'wrong', wrong);\n\t\n\n\t\/\/var questionId = this.questionId;\n\n\t\/\/alert('Question is: QR~' + questionId);\n\t\n\t\/\/var responseTextField = document.getElementById('QR~' + questionId);\n\t\/\/var currentResponse = responseTextField.value;\n\n\t\/\/alert(currentResponse);\n\t\n\t\/\/if(currentResponse == sum){\n\t\/\/\talert(\"OK\");\n\t\/\/}\n\t\/\/top_left = createMatrix(\"left\", \"top_left\");\n\t\/\/top_right = createMatrix(\"right\", \"top_right\");\n\t\/\/sum = top_left + top_right;\n\t\n                          \n});","DataVisibility":{"Private":false,"Hidden":false}}},{"SurveyID":"SV_e9SPFq9EnAapXcG","Element":"SQ","PrimaryAttribute":"QID6","SecondaryAttribute":"If you do not wish to participate in this study, please return your submission on Prolific by sel...","TertiaryAttribute":null,"Payload":{"QuestionText":"If you do not wish to participate in this study, please return your submission on Prolific by selecting the 'Stop without completing' button.","DefaultChoices":false,"DataExportTag":"text_consent","QuestionType":"DB","Selector":"TB","Configuration":{"QuestionDescriptionOption":"UseText"},"QuestionDescription":"If you do not wish to participate in this study, please return your submission on Prolific by sel...","ChoiceOrder":[],"Validation":{"Settings":{"Type":"None"}},"GradingData":[],"Language":[],"NextChoiceId":4,"NextAnswerId":1,"QuestionID":"QID6"}},{"SurveyID":"SV_e9SPFq9EnAapXcG","Element":"SQ","PrimaryAttribute":"QID9","SecondaryAttribute":"In this part you will receive an additional bonus between \u00a30.10 and \u00a30.60. Your bonus will be det.","TertiaryAttribute":null,"Payload":{"QuestionText":"In this part you will receive an additional bonus between \u00a30.10 and \u00a30.60. Your bonus will be determined by the die-roll outcome you report. The table below presents the payoff based on the die-roll outcome.<br>\n&nbsp;\n<table border=\"1\" align=\"center\">\n <tbody>\n  <tr>\n   <td>Die roll outcome<br><\/td>\n   <td>Payoff<\/td>\n  <\/tr>\n  <tr>\n   <td>1<\/td>\n   <td>\u00a30.10<\/td>\n  <\/tr>\n  <tr>\n   <td>2<\/td>\n   <td>\u00a30.20<\/td>\n  <\/tr>\n  <tr>\n   <td>3<\/td>\n   <td>\u00a30.30<\/td>\n  <\/tr>\n  <tr>\n   <td>4<\/td>\n   <td>\u00a30.40<\/td>\n  <\/tr>\n  <tr>\n   <td>5<\/td>\n   <td>\u00a30.50<\/td>\n  <\/tr>\n  <tr>\n   <td>6<\/td>\n   <td>\u00a30.60<\/td>\n  <\/tr>\n <\/tbody>\n<\/table><br><div>Please roll the die now and report the outcome.<\/div>","DefaultChoices":false,"DataExportTag":"text_die_roll","QuestionType":"DB","Selector":"TB","Configuration":{"QuestionDescriptionOption":"UseText"},"QuestionDescription":"In this part you will receive an additional bonus between \u00a30.10 and \u00a30.60. Your bonus will be det...","ChoiceOrder":[],"Validation":{"Settings":{"Type":"None"}},"GradingData":[],"Language":[],"NextChoiceId":4,"NextAnswerId":1,"QuestionID":"QID9","DataVisibility":{"Private":false,"Hidden":false}}},{"SurveyID":"SV_e9SPFq9EnAapXcG","Element":"SQ","PrimaryAttribute":"QID4","SecondaryAttribute":"Part 1 Your task is the following. \u00a0 In each round, you will see two matrices on the screen. Each..","TertiaryAttribute":null,"Payload":{"QuestionText":"<p style=\"text-align:center\"><b>Part 1<\/b><\/p>\n\nYour task is the following.<br>\n&nbsp;\n<div>In each round, you will see two matrices on the screen. Each matrix has 10 rows and 10 columns and is filled with randomly generated numbers. Your task is to find the largest number in each of the matrices and then to add them up. After entering your answer, irrespective of whether your answer is correct or incorrect, a new round will begin with a new pair of matrices.<\/div><div><br><\/div><div> You will be given 10 minutes <b>in total <\/b> to solve as many matrices as possible.<\/div>\n\n<div>&nbsp;<\/div>\n\n<div>At the top of the screen you will see three pieces of information: <br><\/div><div>(1) the remaining time, <br><\/div><div>(2) how many of your answers were right,<\/div><div>(3) how many were wrong.<br><\/div>\n\n<div>&nbsp;<\/div>\n\n<div>You can see an example below.<br>\n&nbsp;\n<\/div>\n\n<center>\n    <p id=\"left\"><\/p>\n    <p><br><\/p>\n    <p id=\"right\"><\/p>\n<\/center>\n\n<div>&nbsp;<\/div>\n\n<div style=\"text-align: center;\">\n<div style=\"text-align: left;\">The largest number on the top matrix is <object id=\"top_left\"><\/object> and the largest number on the bottom matrix is <object id=\"top_right\"><\/object>. The correct answer for this pair of matrices is <object id=\"top_left_sum\"><\/object>+<object id=\"top_right_sum\"><\/object>=<object id=\"sum\"><\/object>.<br><\/div><\/div>","DefaultChoices":false,"DataExportTag":"text_matrix","QuestionType":"DB","Selector":"TB","Configuration":{"QuestionDescriptionOption":"UseText"},"QuestionDescription":"Part 1 Your task is the following. \u00a0 In each round, you will see two matrices on the screen. Each...","ChoiceOrder":[],"Validation":{"Settings":{"Type":"None"}},"GradingData":[],"Language":[],"NextChoiceId":4,"NextAnswerId":1,"QuestionID":"QID4","QuestionJS":"var top_left = 0;\nvar top_right = 0;\nvar sum = 0;\n\n\nQualtrics.SurveyEngine.addOnload(function()\n{\n\t\/*Place your JavaScript here to run when the page loads*\/\n\ttop_left = createMatrix(\"left\", \"top_left\");\n\ttop_right = createMatrix(\"right\", \"top_right\");\n\tsum = top_left + top_right;\n\tdocument.getElementById(\"sum\").innerHTML = sum;\n\tdocument.getElementById(\"top_left_sum\").innerHTML = top_left;\n\tdocument.getElementById(\"top_right_sum\").innerHTML = top_right;\n\n});\n\nQualtrics.SurveyEngine.addOnReady(function()\n{\n\t\/*Place your JavaScript here to run when the page is fully displayed*\/\n\n});\n\nQualtrics.SurveyEngine.addOnUnload(function()\n{\n\t\n\t\/\/window.location.href = window.location.href;\n\t\/*Place your JavaScript here to run when the page is unloaded*\/\n\n});\n\nfunction getRandomInt(min, max) {\n  min = Math.ceil(min);\n  max = Math.floor(max);\n  return Math.floor(Math.random() * (max - min + 1) + min); \/\/The maximum is inclusive and the minimum is inclusive\n}\n\nfunction createMatrix(name, top_name) {\n\tvar top = getRandomInt(50,100);\n\tvar top_number = 0;\n\t\n\tvar result = \"<table border=1>\";\n  \tresult += \"<tr>\"\n\n    for(var i=0; i<10; i++) {\n        for(var j=0; j<10; j++){\n\t\t\tvar num = getRandomInt(0,top)\n\t\t\tif(num>top_number) {top_number = num;}\n            result +=\n            \" <td> \"  + num + \" <\/td>\";\n        }\n        result += \"<\/tr>\";\n    }\n    result += \"<\/table>\";\n\tdocument.getElementById(name).innerHTML = result;\n\tdocument.getElementById(top_name).innerHTML = top_number;\n\treturn top_number;\n\t\n}","DataVisibility":{"Private":false,"Hidden":false}}},{"SurveyID":"SV_e9SPFq9EnAapXcG","Element":"SQ","PrimaryAttribute":"QID23","SecondaryAttribute":"Part 2 For this part you will be asked to roll a 6-sided die. If you have a die available, please...","TertiaryAttribute":null,"Payload":{"QuestionText":"<p style=\"text-align:center\"><b>Part 2<br><\/b><\/p>For this part you will be asked to roll a 6-sided die. If you have a die available, please get it. If you don't have a die, you can open a new tab and google \u201croll a die\u201d and use the google widget to roll the die.","DefaultChoices":false,"DataExportTag":"text_get_die","QuestionType":"DB","Selector":"TB","Configuration":{"QuestionDescriptionOption":"UseText"},"QuestionDescription":"Part 2 For this part you will be asked to roll a 6-sided die. If you have a die available, please...","ChoiceOrder":[],"Validation":{"Settings":{"Type":"None"}},"GradingData":[],"Language":[],"NextChoiceId":4,"NextAnswerId":1,"QuestionID":"QID23","DataVisibility":{"Private":false,"Hidden":false}}},{"SurveyID":"SV_e9SPFq9EnAapXcG","Element":"SQ","PrimaryAttribute":"QID25","SecondaryAttribute":"Please enter your Prolific ID:","TertiaryAttribute":null,"Payload":{"QuestionText":"Please enter your Prolific ID:","DefaultChoices":false,"DataExportTag":"prolific_id","QuestionType":"TE","Selector":"SL","Configuration":{"QuestionDescriptionOption":"UseText"},"QuestionDescription":"Please enter your Prolific ID:","Validation":{"Settings":{"ForceResponse":"ON","ForceResponseType":"ON","Type":"MinChar","MinChars":"1"}},"GradingData":[],"Language":[],"NextChoiceId":4,"NextAnswerId":1,"SearchSource":{"AllowFreeResponse":"false"},"QuestionID":"QID25"}},{"SurveyID":"SV_e9SPFq9EnAapXcG","Element":"SQ","PrimaryAttribute":"QID12","SecondaryAttribute":"Please indicate your age.","TertiaryAttribute":null,"Payload":{"QuestionText":"Please indicate your age.","DefaultChoices":false,"DataExportTag":"age","QuestionType":"TE","Selector":"SL","Configuration":{"QuestionDescriptionOption":"UseText"},"QuestionDescription":"Please indicate your age.","Validation":{"Settings":{"ForceResponse":"ON","ForceResponseType":"ON","Type":"ContentType","MinChars":"1","ContentType":"ValidNumber","ValidDateType":"DateWithFormat","ValidPhoneType":"ValidUSPhone","ValidZipType":"ValidUSZip","ValidNumber":{"Min":"18","Max":"100","NumDecimals":"0"}}},"GradingData":[],"Language":[],"NextChoiceId":4,"NextAnswerId":1,"SearchSource":{"AllowFreeResponse":"false"},"QuestionID":"QID12","DataVisibility":{"Private":false,"Hidden":false}}},{"SurveyID":"SV_e9SPFq9EnAapXcG","Element":"SQ","PrimaryAttribute":"QID15","SecondaryAttribute":"Please indicate your education level.","TertiaryAttribute":null,"Payload":{"QuestionText":"Please indicate your education level.","DefaultChoices":false,"DataExportTag":"education","QuestionType":"MC","Selector":"SAVR","SubSelector":"TX","Configuration":{"QuestionDescriptionOption":"UseText"},"QuestionDescription":"Please indicate your education level.","Choices":{"1":{"Display":"Less than high school"},"2":{"Display":"High school graduate"},"3":{"Display":"Technical\/vocational training"},"4":{"Display":"Bachelor degree"},"5":{"Display":"Master degree"},"7":{"Display":"Doctorate degree"}},"ChoiceOrder":["1","2","3","4","5","7"],"Validation":{"Settings":{"ForceResponse":"ON","ForceResponseType":"ON","Type":"None"}},"GradingData":[],"Language":[],"NextChoiceId":8,"NextAnswerId":1,"QuestionID":"QID15","DataVisibility":{"Private":false,"Hidden":false}}},{"SurveyID":"SV_e9SPFq9EnAapXcG","Element":"SQ","PrimaryAttribute":"QID16","SecondaryAttribute":"Please indicate your employment status.","TertiaryAttribute":null,"Payload":{"QuestionText":"Please indicate your employment status.","DefaultChoices":false,"DataExportTag":"employment","QuestionType":"MC","Selector":"SAVR","SubSelector":"TX","Configuration":{"QuestionDescriptionOption":"UseText"},"QuestionDescription":"Please indicate your employment status.","Choices":{"1":{"Display":"Employed full time"},"2":{"Display":"Employed part time"},"3":{"Display":"Unemployed"},"5":{"Display":"Retired"},"6":{"Display":"Student"}},"ChoiceOrder":["1","2","3","5","6"],"Validation":{"Settings":{"ForceResponse":"ON","ForceResponseType":"ON","Type":"None"}},"GradingData":[],"Language":[],"NextChoiceId":9,"NextAnswerId":1,"QuestionID":"QID16","DataVisibility":{"Private":false,"Hidden":false}}},{"SurveyID":"SV_e9SPFq9EnAapXcG","Element":"SQ","PrimaryAttribute":"QID13","SecondaryAttribute":"Please indicate your gender.","TertiaryAttribute":null,"Payload":{"QuestionText":"Please indicate your gender.","DefaultChoices":false,"DataExportTag":"gender","QuestionType":"MC","Selector":"SAVR","SubSelector":"TX","Configuration":{"QuestionDescriptionOption":"UseText"},"QuestionDescription":"Please indicate your gender.","Choices":{"1":{"Display":"Male"},"2":{"Display":"Female"},"3":{"Display":"Non-binary \/ third gender"},"4":{"Display":"Prefer not to say"}},"ChoiceOrder":["1","2","3","4"],"Validation":{"Settings":{"ForceResponse":"ON","ForceResponseType":"ON","Type":"None"}},"GradingData":[],"Language":[],"NextChoiceId":5,"NextAnswerId":1,"QuestionID":"QID13"}},{"SurveyID":"SV_e9SPFq9EnAapXcG","Element":"SQ","PrimaryAttribute":"QID14","SecondaryAttribute":"Please indicate your marital status.","TertiaryAttribute":null,"Payload":{"QuestionText":"Please indicate your marital status.","DefaultChoices":false,"DataExportTag":"marital","QuestionType":"MC","Selector":"SAVR","SubSelector":"TX","Configuration":{"QuestionDescriptionOption":"UseText"},"QuestionDescription":"Please indicate your marital status.","Choices":{"1":{"Display":"Single"},"2":{"Display":"In a relationship"},"3":{"Display":"Married"},"4":{"Display":"Widowed"},"5":{"Display":"Divorced\/Separated"}},"ChoiceOrder":["1","2","3","4","5"],"Validation":{"Settings":{"ForceResponse":"ON","ForceResponseType":"ON","Type":"None"}},"GradingData":[],"Language":[],"NextChoiceId":7,"NextAnswerId":1,"QuestionID":"QID14"}},{"SurveyID":"SV_e9SPFq9EnAapXcG","Element":"SQ","PrimaryAttribute":"QID10","SecondaryAttribute":"Show Virtual Die Roll Die","TertiaryAttribute":null,"Payload":{"QuestionText":"<button id=\"show-button\" type=\"button\">Show Virtual Die<\/button>\n<div class =\"show-die\" id=\"show-die\" style=\"visibility: hidden\">\n<button id=\"roll-button\" type=\"button\">Roll Die<\/button>\n<div class=\"dice\">\n<ol class=\"die-list odd-roll\" data-roll=\"1\" id=\"die-2\">\n <li class=\"die-item\" data-side=\"1\">\n          <span class=\"dot\"><\/span>\n        <\/li>\n        <li class=\"die-item\" data-side=\"2\">\n          <span class=\"dot\"><\/span>\n          <span class=\"dot\"><\/span>\n        <\/li>\n        <li class=\"die-item\" data-side=\"3\">\n          <span class=\"dot\"><\/span>\n          <span class=\"dot\"><\/span>\n          <span class=\"dot\"><\/span>\n        <\/li>\n        <li class=\"die-item\" data-side=\"4\">\n          <span class=\"dot\"><\/span>\n          <span class=\"dot\"><\/span>\n          <span class=\"dot\"><\/span>\n          <span class=\"dot\"><\/span>\n        <\/li>\n        <li class=\"die-item\" data-side=\"5\">\n          <span class=\"dot\"><\/span>\n          <span class=\"dot\"><\/span>\n          <span class=\"dot\"><\/span>\n          <span class=\"dot\"><\/span>\n          <span class=\"dot\"><\/span>\n        <\/li>\n        <li class=\"die-item\" data-side=\"6\">\n          <span class=\"dot\"><\/span>\n          <span class=\"dot\"><\/span>\n          <span class=\"dot\"><\/span>\n          <span class=\"dot\"><\/span>\n          <span class=\"dot\"><\/span>\n          <span class=\"dot\"><\/span>\n        <\/li>\n<\/ol>\n<\/div>\n<\/div>","DefaultChoices":false,"DataExportTag":"text_roll","QuestionType":"DB","Selector":"TB","Configuration":{"QuestionDescriptionOption":"UseText"},"QuestionDescription":"Show Virtual Die Roll Die","ChoiceOrder":[],"Validation":{"Settings":{"Type":"None"}},"GradingData":[],"Language":[],"NextChoiceId":4,"NextAnswerId":1,"QuestionID":"QID10","QuestionJS":"Qualtrics.SurveyEngine.addOnload(function()\n{\n\t\/*Place your JavaScript here to run when the page loads*\/\n\n});\n\nQualtrics.SurveyEngine.addOnReady(function()\n{\n\t\/*Place your JavaScript here to run when the page is fully displayed*\/\n\n});\n\nQualtrics.SurveyEngine.addOnUnload(function()\n{\n\t\/*Place your JavaScript here to run when the page is unloaded*\/\n\n});\n\nfunction rollDice() {\n  const dice = [...document.querySelectorAll(\".die-list\")];\n  dice.forEach(die => {\n    toggleClasses(die);\n    die.dataset.roll = getRandomNumber(1, 6);\n  });\n}\n\nfunction toggleContent(){\n\tvar content = document.getElementById(\"show-die\");\n\tvar button = document.getElementById(\"show-button\");\n\tif (content.style.visibility == 'hidden'){\n\t\t$(content).show();\n\t\tcontent.style.visibility = 'visible';\n\t\tbutton.innerHTML = \"Hide Virtual Die\";\n\t\t}else\n\t\t{\n\t\t$(content).hide();\n\t\tcontent.style.visibility = 'hidden';\n\t\tbutton.innerHTML = \"Show Virtual Die\";\n\t\t}\n\t\n\t\n\t\n\t\/\/var button = document.getElementById(\"show-button\");\n\t\/\/$(button).hide();\n}\n\nfunction toggleClasses(die) {\n  die.classList.toggle(\"odd-roll\");\n  die.classList.toggle(\"even-roll\");\n}\n\nfunction getRandomNumber(min, max) {\n  min = Math.ceil(min);\n  max = Math.floor(max);\n  return Math.floor(Math.random() * (max - min + 1)) + min;\n}\n\ndocument.getElementById(\"roll-button\").addEventListener(\"click\", rollDice);\ndocument.getElementById(\"show-button\").addEventListener(\"click\", toggleContent);","DataVisibility":{"Private":false,"Hidden":false}}},{"SurveyID":"SV_e9SPFq9EnAapXcG","Element":"SQ","PrimaryAttribute":"QID24","SecondaryAttribute":"Show Virtual Die Roll Die","TertiaryAttribute":null,"Payload":{"QuestionText":"<button id=\"show-button\" type=\"button\">Show Virtual Die<\/button>\n<div class =\"show-die\" id=\"show-die\" style=\"visibility: hidden\">\n<button id=\"roll-button\" type=\"button\">Roll Die<\/button>\n<div class=\"dice\">\n<ol class=\"die-list odd-roll\" data-roll=\"1\" id=\"die-2\">\n <li class=\"die-item\" data-side=\"1\">\n          <span class=\"dot\"><\/span>\n        <\/li>\n        <li class=\"die-item\" data-side=\"2\">\n          <span class=\"dot\"><\/span>\n          <span class=\"dot\"><\/span>\n        <\/li>\n        <li class=\"die-item\" data-side=\"3\">\n          <span class=\"dot\"><\/span>\n          <span class=\"dot\"><\/span>\n          <span class=\"dot\"><\/span>\n        <\/li>\n        <li class=\"die-item\" data-side=\"4\">\n          <span class=\"dot\"><\/span>\n          <span class=\"dot\"><\/span>\n          <span class=\"dot\"><\/span>\n          <span class=\"dot\"><\/span>\n        <\/li>\n        <li class=\"die-item\" data-side=\"5\">\n          <span class=\"dot\"><\/span>\n          <span class=\"dot\"><\/span>\n          <span class=\"dot\"><\/span>\n          <span class=\"dot\"><\/span>\n          <span class=\"dot\"><\/span>\n        <\/li>\n        <li class=\"die-item\" data-side=\"6\">\n          <span class=\"dot\"><\/span>\n          <span class=\"dot\"><\/span>\n          <span class=\"dot\"><\/span>\n          <span class=\"dot\"><\/span>\n          <span class=\"dot\"><\/span>\n          <span class=\"dot\"><\/span>\n        <\/li>\n<\/ol>\n<\/div>\n<\/div>","QuestionJS":"Qualtrics.SurveyEngine.addOnload(function()\n{\n\t\/*Place your JavaScript here to run when the page loads*\/\n\n});\n\nQualtrics.SurveyEngine.addOnReady(function()\n{\n\t\/*Place your JavaScript here to run when the page is fully displayed*\/\n\n});\n\nQualtrics.SurveyEngine.addOnUnload(function()\n{\n\t\/*Place your JavaScript here to run when the page is unloaded*\/\n\n});\n\nfunction rollDice() {\n  const dice = [...document.querySelectorAll(\".die-list\")];\n  dice.forEach(die => {\n    toggleClasses(die);\n    die.dataset.roll = getRandomNumber(1, 6);\n  });\n}\n\nfunction toggleContent(){\n\tvar content = document.getElementById(\"show-die\");\n\tvar button = document.getElementById(\"show-button\");\n\tif (content.style.visibility == 'hidden'){\n\t\t$(content).show();\n\t\tcontent.style.visibility = 'visible';\n\t\tbutton.innerHTML = \"Hide Virtual Die\";\n\t\t}else\n\t\t{\n\t\t$(content).hide();\n\t\tcontent.style.visibility = 'hidden';\n\t\tbutton.innerHTML = \"Show Virtual Die\";\n\t\t}\n\t\n\t\n\t\n\t\/\/var button = document.getElementById(\"show-button\");\n\t\/\/$(button).hide();\n}\n\nfunction toggleClasses(die) {\n  die.classList.toggle(\"odd-roll\");\n  die.classList.toggle(\"even-roll\");\n}\n\nfunction getRandomNumber(min, max) {\n  min = Math.ceil(min);\n  max = Math.floor(max);\n  return Math.floor(Math.random() * (max - min + 1)) + min;\n}\n\ndocument.getElementById(\"roll-button\").addEventListener(\"click\", rollDice);\ndocument.getElementById(\"show-button\").addEventListener(\"click\", toggleContent);","DefaultChoices":false,"DataExportTag":"Q22","QuestionType":"DB","Selector":"TB","DataVisibility":{"Private":false,"Hidden":false},"Configuration":{"QuestionDescriptionOption":"UseText"},"QuestionDescription":"Show Virtual Die Roll Die","ChoiceOrder":[],"Validation":{"Settings":{"Type":"None"}},"GradingData":[],"Language":[],"NextChoiceId":4,"NextAnswerId":1,"QuestionID":"QID24"}},{"SurveyID":"SV_e9SPFq9EnAapXcG","Element":"SQ","PrimaryAttribute":"QID21","SecondaryAttribute":"Thank you for participating in this survey. Please fill in some basic demographic information. Yo...","TertiaryAttribute":null,"Payload":{"QuestionText":"Thank you for participating in this survey. Please fill in some basic demographic information. You will see your final payment in the next page.","DefaultChoices":false,"DataExportTag":"demographics","QuestionType":"DB","Selector":"TB","Configuration":{"QuestionDescriptionOption":"UseText"},"QuestionDescription":"Thank you for participating in this survey. Please fill in some basic demographic information. Yo...","ChoiceOrder":[],"Validation":{"Settings":{"Type":"None"}},"GradingData":[],"Language":[],"NextChoiceId":4,"NextAnswerId":1,"QuestionID":"QID21"}},{"SurveyID":"SV_e9SPFq9EnAapXcG","Element":"SQ","PrimaryAttribute":"QID20","SecondaryAttribute":"The bonus for each correct answer will be either \u00a30.20 or \u00a30.05. Specifically, 25% of the partici.","TertiaryAttribute":null,"Payload":{"QuestionText":"<div>The bonus for each correct answer will be either \u00a30.20 or \u00a30.05. Specifically, 25% of the participants (50 out of 200) will receive \u00a30.20 for each correct answer and the remaining 75% (150 out of 200) will receive \u00a30.05 per correct answer. <br><\/div><div><br><\/div><div>\nThe 50 participants obtaining the bonus of \u00a30.20 will be <b>randomly selected<\/b> at the end of the data collection. All other participants will receive \u00a30.05 per correct answer.<\/div>","DefaultChoices":false,"DataExportTag":"text_piece_rate_nc","QuestionType":"DB","Selector":"TB","Configuration":{"QuestionDescriptionOption":"UseText"},"QuestionDescription":"The bonus for each correct answer will be either \u00a30.20 or \u00a30.05. Specifically, 25% of the partici...","ChoiceOrder":[],"Validation":{"Settings":{"Type":"None"}},"GradingData":[],"Language":[],"NextChoiceId":4,"NextAnswerId":1,"QuestionID":"QID20","DataVisibility":{"Private":false,"Hidden":false}}},{"SurveyID":"SV_e9SPFq9EnAapXcG","Element":"SQ","PrimaryAttribute":"QID26","SecondaryAttribute":"The study you are participating consists of two independent parts. You will receive instructions...","TertiaryAttribute":null,"Payload":{"QuestionText":"<div>The study you are participating consists of two independent parts. You will receive instructions about the second part after having finished the first part. <br><\/div><div><br><\/div><div>Please enter your Prolific ID in the next page and then you can start with Part 1. <\/div>","DefaultChoices":false,"DataExportTag":"welcome","QuestionType":"DB","Selector":"TB","Configuration":{"QuestionDescriptionOption":"UseText"},"QuestionDescription":"The study you are participating consists of two independent parts. You will receive instructions...","ChoiceOrder":[],"Validation":{"Settings":{"Type":"None"}},"GradingData":[],"Language":[],"NextChoiceId":4,"NextAnswerId":1,"QuestionID":"QID26","DataVisibility":{"Private":false,"Hidden":false}}},{"SurveyID":"SV_e9SPFq9EnAapXcG","Element":"SQ","PrimaryAttribute":"QID22","SecondaryAttribute":"This page will summarize how your payment is calculated. For completing the survey: You will rece...","TertiaryAttribute":null,"Payload":{"QuestionText":"<div>This page will summarize how your payment is calculated.<br><\/div><div><br><\/div><div>For completing the survey: You will receive \u00a31.30. <br><\/div><div><br><\/div><div>Bonus of Part 1: You correctly solved ${e:\/\/Field\/correct} matrices. We remind you that the bonus for each correct answer is randomly assigned (there is a 25% chance to receive \u00a30.20 per correct answer and 75% chance to receive \u00a30.05 per correct answer).&nbsp;Hence, your payment from Part 1 will be either $e{0.05 * e:\/\/Field\/correct}\u00a3 or $e{0.20 * e:\/\/Field\/correct}\u00a3 depending on the random draw.<\/div><div><br><\/div><div>Bonus of Part 2: You reported a die outcome of ${q:\/\/QID11\/ChoiceGroup\/SelectedChoices}. You will receive \u00a30.10 times your report, so \u00a3$e{q:\/\/QID11\/ChoiceGroup\/SelectedChoices * 0.10}.<\/div><div><br><\/div><div>Your total payment will be either $e{1.30 + 0.05 * e:\/\/Field\/correct + 0.10 * q:\/\/QID11\/ChoiceGroup\/SelectedChoices}\u00a3 or $e{1.30 + 0.20 * e:\/\/Field\/correct + 0.10 * q:\/\/QID11\/ChoiceGroup\/SelectedChoices}\u00a3.<br><\/div><div><br><\/div><div>You will receive the payment within a few days from the end of the data collection.<\/div><div><br><\/div><div>Thanks for participating!<\/div><div><br><\/div>","DefaultChoices":false,"DataExportTag":"payment","QuestionID":"QID22","QuestionType":"DB","Selector":"TB","Configuration":{"QuestionDescriptionOption":"UseText"},"QuestionDescription":"This page will summarize how your payment is calculated. For completing the survey: You will rece...","ChoiceOrder":[],"Validation":{"Settings":{"Type":"None"}},"GradingData":[],"Language":[],"NextChoiceId":7,"NextAnswerId":1,"DataVisibility":{"Private":false,"Hidden":false}}},{"SurveyID":"SV_e9SPFq9EnAapXcG","Element":"SQ","PrimaryAttribute":"QID2","SecondaryAttribute":"Timing","TertiaryAttribute":null,"Payload":{"QuestionText":"Timing","DefaultChoices":false,"DataExportTag":"text_timer","QuestionType":"Timing","Selector":"PageTimer","Configuration":{"QuestionDescriptionOption":"UseText","MinSeconds":1000,"MaxSeconds":601,"ShowTimer":true,"Seconds":600},"QuestionDescription":"Timing","Choices":{"1":{"Display":"First Click"},"2":{"Display":"Last Click"},"3":{"Display":"Page Submit"},"4":{"Display":"Click Count"}},"GradingData":[],"Language":[],"NextChoiceId":180,"NextAnswerId":1,"QuestionID":"QID2","DataVisibility":{"Private":false,"Hidden":false}}},{"SurveyID":"SV_e9SPFq9EnAapXcG","Element":"SQ","PrimaryAttribute":"QID5","SecondaryAttribute":"Welcome, You are participating in a study of the University of Amsterdam. Your participation in t...","TertiaryAttribute":null,"Payload":{"QuestionText":"<div>Welcome, <br><\/div><div><br><\/div><div>You are participating in a study of the University of Amsterdam. Your participation in this study is confidential and your identity will not be stored with your data. <br><\/div><div><br><\/div><div>You will not be asked to provide any personally identifying information. Your answers will be used only for research purposes and in ways that will not reveal who you are. The results will be reported in aggregate form only, and cannot be identified individually. Any information that could identify you will be removed before data is shared with other researchers or results are made public. By participating in this study, you consent to the data being used for this purpose. <br><\/div><div><br><\/div><div>Your participation in this research is entirely voluntary and you have the right to withdraw consent at any time by closing your browser.\nThe goal of this study is to assess how people make decisions. You receive \u00a31.30 as a payment for participating in the study. Further, you can earn extra money as a bonus. Your bonus depends on your decisions and on the decisions of other participants. <br><\/div><div><br><\/div><div>The study consists of two parts. You will receive instructions about the second part after having finished the first part. <br><\/div><div><br><\/div><div>If you have questions, you can contact the researcher via email at the following address: k.ioannidis@uva.nl.<\/div>","DefaultChoices":false,"DataExportTag":"text_welcome","QuestionType":"DB","Selector":"TB","Configuration":{"QuestionDescriptionOption":"UseText"},"QuestionDescription":"Welcome, You are participating in a study of the University of Amsterdam. Your participation in t...","ChoiceOrder":[],"Validation":{"Settings":{"Type":"None"}},"GradingData":[],"Language":[],"NextChoiceId":4,"NextAnswerId":1,"QuestionID":"QID5","DataVisibility":{"Private":false,"Hidden":false}}},{"SurveyID":"SV_e9SPFq9EnAapXcG","Element":"SQ","PrimaryAttribute":"QID8","SecondaryAttribute":"What is your Prolific ID?","TertiaryAttribute":null,"Payload":{"QuestionText":"What is your Prolific ID?","DefaultChoices":false,"DataExportTag":"prolific_id","QuestionType":"TE","Selector":"SL","Configuration":{"QuestionDescriptionOption":"UseText"},"QuestionDescription":"What is your Prolific ID?","Validation":{"Settings":{"ForceResponse":"ON","ForceResponseType":"ON","Type":"None"}},"GradingData":[],"Language":[],"NextChoiceId":4,"NextAnswerId":1,"SearchSource":{"AllowFreeResponse":"false"},"QuestionID":"QID8","DataVisibility":{"Private":false,"Hidden":false}}},{"SurveyID":"SV_e9SPFq9EnAapXcG","Element":"SQ","PrimaryAttribute":"QID11","SecondaryAttribute":"What was the outcome of the die?","TertiaryAttribute":null,"Payload":{"QuestionText":"What was the outcome of the die?","DefaultChoices":false,"DataExportTag":"die_roll","QuestionType":"MC","Selector":"SAVR","SubSelector":"TX","Configuration":{"QuestionDescriptionOption":"UseText"},"QuestionDescription":"What was the outcome of the die?","Choices":{"1":{"Display":"1"},"2":{"Display":"2"},"3":{"Display":"3"},"4":{"Display":"4"},"5":{"Display":"5"},"6":{"Display":"6"}},"ChoiceOrder":[1,2,3,4,5,6],"Validation":{"Settings":{"ForceResponse":"ON","ForceResponseType":"ON","Type":"None"}},"GradingData":[],"Language":[],"NextChoiceId":7,"NextAnswerId":1,"QuestionID":"QID11","DataVisibility":{"Private":false,"Hidden":false}}},{"SurveyID":"SV_e9SPFq9EnAapXcG","Element":"SQ","PrimaryAttribute":"QID19","SecondaryAttribute":"You gave ${e:\/\/Field\/correct} correct answers. If we rank all 200 participants in the study based...","TertiaryAttribute":null,"Payload":{"QuestionText":"<div>You gave ${e:\/\/Field\/correct} correct answers. If we rank all 200 participants in the study based on how many correct answers they gave, how many do you think have correctly solved more matrices than you?<\/div>","DefaultChoices":false,"DataExportTag":"belief","QuestionType":"Slider","Selector":"HSLIDER","Configuration":{"QuestionDescriptionOption":"UseText","CSSliderMin":0,"CSSliderMax":199,"GridLines":0,"SnapToGrid":false,"NumDecimals":"0","ShowValue":true,"CustomStart":false,"NotApplicable":false,"MobileFirst":true,"SliderStartPositions":{"1":0}},"QuestionDescription":"You gave ${e:\/\/Field\/correct} correct answers. If we rank all 200 participants in the study based...","Choices":{"1":{"Display":""}},"ChoiceOrder":["1"],"Validation":{"Settings":{"ForceResponse":"ON","ForceResponseType":"ON","Type":"None"}},"GradingData":[],"Language":[],"NextChoiceId":4,"NextAnswerId":1,"Labels":[],"QuestionID":"QID19","DataVisibility":{"Private":false,"Hidden":false}}}]}